
Microsoft Visual Studio Solution File, Format Version 12.00
# Visual Studio Version 17
VisualStudioVersion = 17.8.34309.116
MinimumVisualStudioVersion = 10.0.40219.1
Project("{2150E333-8FDC-42A3-9474-1A3956D46DE8}") = "App.Aplication", "App.Aplication", "{C64F6101-F255-4C6B-B42F-8881E9063B84}"
EndProject
Project("{2150E333-8FDC-42A3-9474-1A3956D46DE8}") = "App.Infraestrutura", "App.Infraestrutura", "{17E882F3-0C8F-4755-99A8-906C6F7EEDDE}"
EndProject
Project("{2150E333-8FDC-42A3-9474-1A3956D46DE8}") = "App.Dominio", "App.Dominio", "{7AE456D3-DB8C-48CE-8949-C193CC6C41D2}"
EndProject
Project("{2150E333-8FDC-42A3-9474-1A3956D46DE8}") = "App.Test", "App.Test", "{6EBC1011-F282-4EA4-8DBA-85A9C0C62502}"
EndProject
Project("{9A19103F-16F7-4668-BE54-9A1E7A4F7556}") = "API", "APPInfraEstructure\API\API.csproj", "{802EC4E3-D0DA-4983-B65E-EFBEC0F10CB6}"
EndProject
Project("{9A19103F-16F7-4668-BE54-9A1E7A4F7556}") = "Shered", "APPInfraEstructure\Shered\Shered.csproj", "{D157BEDF-D74F-4968-98D4-0C051A5DDBD6}"
EndProject
Project("{9A19103F-16F7-4668-BE54-9A1E7A4F7556}") = "Migration", "APPInfraEstructure\Migration\Migration.csproj", "{C3BE4312-AD10-4AC0-8EDC-CE3EE010F574}"
EndProject
Project("{9A19103F-16F7-4668-BE54-9A1E7A4F7556}") = "RepositoryRead", "APPInfraEstructure\RepositoryRead\RepositoryRead.csproj", "{96FA2B29-0D75-4B92-AC28-3D077A637525}"
EndProject
Project("{9A19103F-16F7-4668-BE54-9A1E7A4F7556}") = "RepositoryWrite", "APPInfraEstructure\RepositoryWrite\RepositoryWrite.csproj", "{2E04C00F-CFF1-476E-945E-BE8236A00A10}"
EndProject
Project("{9A19103F-16F7-4668-BE54-9A1E7A4F7556}") = "Dominio", "AppDominio\Dominio\Dominio.csproj", "{7965E69C-CAAB-48D1-9E36-79D95B99749C}"
EndProject
Project("{9A19103F-16F7-4668-BE54-9A1E7A4F7556}") = "RepositoryInterfaces", "AppAplication\RepositoryInterfaces\RepositoryInterfaces.csproj", "{D441B877-C4AA-45C7-971B-707C0C83206B}"
EndProject
Project("{9A19103F-16F7-4668-BE54-9A1E7A4F7556}") = "Command", "AppAplication\Comandos\Command.csproj", "{13DB0066-4F27-4703-ADC9-A9B452F8434A}"
EndProject
Project("{9A19103F-16F7-4668-BE54-9A1E7A4F7556}") = "Test", "APPTeste\Teste\Test.csproj", "{55E8D497-5750-45C9-8EDD-CD9F736312E0}"
EndProject
Project("{9A19103F-16F7-4668-BE54-9A1E7A4F7556}") = "TestMigration", "APPTeste\TestMigration\TestMigration.csproj", "{DF26EF52-C9E8-4B51-A072-01A362A701EF}"
EndProject
Global
	GlobalSection(SolutionConfigurationPlatforms) = preSolution
		Debug|Any CPU = Debug|Any CPU
		Release|Any CPU = Release|Any CPU
	EndGlobalSection
	GlobalSection(ProjectConfigurationPlatforms) = postSolution
		{802EC4E3-D0DA-4983-B65E-EFBEC0F10CB6}.Debug|Any CPU.ActiveCfg = Debug|Any CPU
		{802EC4E3-D0DA-4983-B65E-EFBEC0F10CB6}.Debug|Any CPU.Build.0 = Debug|Any CPU
		{802EC4E3-D0DA-4983-B65E-EFBEC0F10CB6}.Release|Any CPU.ActiveCfg = Release|Any CPU
		{802EC4E3-D0DA-4983-B65E-EFBEC0F10CB6}.Release|Any CPU.Build.0 = Release|Any CPU
		{D157BEDF-D74F-4968-98D4-0C051A5DDBD6}.Debug|Any CPU.ActiveCfg = Debug|Any CPU
		{D157BEDF-D74F-4968-98D4-0C051A5DDBD6}.Debug|Any CPU.Build.0 = Debug|Any CPU
		{D157BEDF-D74F-4968-98D4-0C051A5DDBD6}.Release|Any CPU.ActiveCfg = Release|Any CPU
		{D157BEDF-D74F-4968-98D4-0C051A5DDBD6}.Release|Any CPU.Build.0 = Release|Any CPU
		{C3BE4312-AD10-4AC0-8EDC-CE3EE010F574}.Debug|Any CPU.ActiveCfg = Debug|Any CPU
		{C3BE4312-AD10-4AC0-8EDC-CE3EE010F574}.Debug|Any CPU.Build.0 = Debug|Any CPU
		{C3BE4312-AD10-4AC0-8EDC-CE3EE010F574}.Release|Any CPU.ActiveCfg = Release|Any CPU
		{C3BE4312-AD10-4AC0-8EDC-CE3EE010F574}.Release|Any CPU.Build.0 = Release|Any CPU
		{96FA2B29-0D75-4B92-AC28-3D077A637525}.Debug|Any CPU.ActiveCfg = Debug|Any CPU
		{96FA2B29-0D75-4B92-AC28-3D077A637525}.Debug|Any CPU.Build.0 = Debug|Any CPU
		{96FA2B29-0D75-4B92-AC28-3D077A637525}.Release|Any CPU.ActiveCfg = Release|Any CPU
		{96FA2B29-0D75-4B92-AC28-3D077A637525}.Release|Any CPU.Build.0 = Release|Any CPU
		{2E04C00F-CFF1-476E-945E-BE8236A00A10}.Debug|Any CPU.ActiveCfg = Debug|Any CPU
		{2E04C00F-CFF1-476E-945E-BE8236A00A10}.Debug|Any CPU.Build.0 = Debug|Any CPU
		{2E04C00F-CFF1-476E-945E-BE8236A00A10}.Release|Any CPU.ActiveCfg = Release|Any CPU
		{2E04C00F-CFF1-476E-945E-BE8236A00A10}.Release|Any CPU.Build.0 = Release|Any CPU
		{7965E69C-CAAB-48D1-9E36-79D95B99749C}.Debug|Any CPU.ActiveCfg = Debug|Any CPU
		{7965E69C-CAAB-48D1-9E36-79D95B99749C}.Debug|Any CPU.Build.0 = Debug|Any CPU
		{7965E69C-CAAB-48D1-9E36-79D95B99749C}.Release|Any CPU.ActiveCfg = Release|Any CPU
		{7965E69C-CAAB-48D1-9E36-79D95B99749C}.Release|Any CPU.Build.0 = Release|Any CPU
		{D441B877-C4AA-45C7-971B-707C0C83206B}.Debug|Any CPU.ActiveCfg = Debug|Any CPU
		{D441B877-C4AA-45C7-971B-707C0C83206B}.Debug|Any CPU.Build.0 = Debug|Any CPU
		{D441B877-C4AA-45C7-971B-707C0C83206B}.Release|Any CPU.ActiveCfg = Release|Any CPU
		{D441B877-C4AA-45C7-971B-707C0C83206B}.Release|Any CPU.Build.0 = Release|Any CPU
		{13DB0066-4F27-4703-ADC9-A9B452F8434A}.Debug|Any CPU.ActiveCfg = Debug|Any CPU
		{13DB0066-4F27-4703-ADC9-A9B452F8434A}.Debug|Any CPU.Build.0 = Debug|Any CPU
		{13DB0066-4F27-4703-ADC9-A9B452F8434A}.Release|Any CPU.ActiveCfg = Release|Any CPU
		{13DB0066-4F27-4703-ADC9-A9B452F8434A}.Release|Any CPU.Build.0 = Release|Any CPU
		{55E8D497-5750-45C9-8EDD-CD9F736312E0}.Debug|Any CPU.ActiveCfg = Debug|Any CPU
		{55E8D497-5750-45C9-8EDD-CD9F736312E0}.Debug|Any CPU.Build.0 = Debug|Any CPU
		{55E8D497-5750-45C9-8EDD-CD9F736312E0}.Release|Any CPU.ActiveCfg = Release|Any CPU
		{55E8D497-5750-45C9-8EDD-CD9F736312E0}.Release|Any CPU.Build.0 = Release|Any CPU
		{DF26EF52-C9E8-4B51-A072-01A362A701EF}.Debug|Any CPU.ActiveCfg = Debug|Any CPU
		{DF26EF52-C9E8-4B51-A072-01A362A701EF}.Debug|Any CPU.Build.0 = Debug|Any CPU
		{DF26EF52-C9E8-4B51-A072-01A362A701EF}.Release|Any CPU.ActiveCfg = Release|Any CPU
		{DF26EF52-C9E8-4B51-A072-01A362A701EF}.Release|Any CPU.Build.0 = Release|Any CPU
	EndGlobalSection
	GlobalSection(SolutionProperties) = preSolution
		HideSolutionNode = FALSE
	EndGlobalSection
	GlobalSection(NestedProjects) = preSolution
		{802EC4E3-D0DA-4983-B65E-EFBEC0F10CB6} = {17E882F3-0C8F-4755-99A8-906C6F7EEDDE}
		{D157BEDF-D74F-4968-98D4-0C051A5DDBD6} = {17E882F3-0C8F-4755-99A8-906C6F7EEDDE}
		{C3BE4312-AD10-4AC0-8EDC-CE3EE010F574} = {17E882F3-0C8F-4755-99A8-906C6F7EEDDE}
		{96FA2B29-0D75-4B92-AC28-3D077A637525} = {17E882F3-0C8F-4755-99A8-906C6F7EEDDE}
		{2E04C00F-CFF1-476E-945E-BE8236A00A10} = {17E882F3-0C8F-4755-99A8-906C6F7EEDDE}
		{7965E69C-CAAB-48D1-9E36-79D95B99749C} = {7AE456D3-DB8C-48CE-8949-C193CC6C41D2}
		{D441B877-C4AA-45C7-971B-707C0C83206B} = {C64F6101-F255-4C6B-B42F-8881E9063B84}
		{13DB0066-4F27-4703-ADC9-A9B452F8434A} = {C64F6101-F255-4C6B-B42F-8881E9063B84}
		{55E8D497-5750-45C9-8EDD-CD9F736312E0} = {6EBC1011-F282-4EA4-8DBA-85A9C0C62502}
		{DF26EF52-C9E8-4B51-A072-01A362A701EF} = {6EBC1011-F282-4EA4-8DBA-85A9C0C62502}
	EndGlobalSection
	GlobalSection(ExtensibilityGlobals) = postSolution
		SolutionGuid = {7029C916-1051-464B-AFBA-2988B09103C9}
	EndGlobalSection
EndGlobal
