
Microsoft Visual Studio Solution File, Format Version 12.00
# Visual Studio Version 17
VisualStudioVersion = 17.8.34309.116
MinimumVisualStudioVersion = 10.0.40219.1
Project("{9A19103F-16F7-4668-BE54-9A1E7A4F7556}") = "Dominio", "Dominio\Dominio.csproj", "{2F29981B-6D28-490C-9AE0-A5254459B3C9}"
EndProject
Project("{9A19103F-16F7-4668-BE54-9A1E7A4F7556}") = "Command", "Comandos\Command.csproj", "{19A79D3E-71B4-4159-9812-F662F25578E1}"
EndProject
Project("{9A19103F-16F7-4668-BE54-9A1E7A4F7556}") = "Test", "Teste\Test.csproj", "{32A36B88-E44D-489B-8412-737B25962B53}"
EndProject
Project("{9A19103F-16F7-4668-BE54-9A1E7A4F7556}") = "RepositoryInterfaces", "Infraestrutura\RepositoryInterfaces.csproj", "{1092B2DF-FFAE-4081-AA07-5859D826C288}"
EndProject
Project("{2150E333-8FDC-42A3-9474-1A3956D46DE8}") = "App.Aplication", "App.Aplication", "{C64F6101-F255-4C6B-B42F-8881E9063B84}"
EndProject
Project("{2150E333-8FDC-42A3-9474-1A3956D46DE8}") = "App.Infraestrutura", "App.Infraestrutura", "{17E882F3-0C8F-4755-99A8-906C6F7EEDDE}"
EndProject
Project("{9A19103F-16F7-4668-BE54-9A1E7A4F7556}") = "Read", "OutPut\Read.csproj", "{541AC047-F38A-4C7D-A6E4-DCC9F8A91609}"
EndProject
Project("{9A19103F-16F7-4668-BE54-9A1E7A4F7556}") = "Write", "Input\Write.csproj", "{2BCFC620-12B7-4718-BBDE-1CF97D5C293C}"
EndProject
Project("{9A19103F-16F7-4668-BE54-9A1E7A4F7556}") = "Shered", "Shered\Shered.csproj", "{7ED4888C-35F7-4761-A0BC-DF1C0048C558}"
EndProject
Project("{9A19103F-16F7-4668-BE54-9A1E7A4F7556}") = "API", "API\API.csproj", "{A40026F7-6CC5-48ED-9417-67EF8686881A}"
EndProject
Project("{2150E333-8FDC-42A3-9474-1A3956D46DE8}") = "App.Dominio", "App.Dominio", "{7AE456D3-DB8C-48CE-8949-C193CC6C41D2}"
EndProject
Project("{9A19103F-16F7-4668-BE54-9A1E7A4F7556}") = "Migration", "Migration\Migration.csproj", "{1389F71B-BB83-4CD6-BDD2-1A207B282567}"
EndProject
Project("{2150E333-8FDC-42A3-9474-1A3956D46DE8}") = "App.Test", "App.Test", "{6EBC1011-F282-4EA4-8DBA-85A9C0C62502}"
EndProject
Project("{FAE04EC0-301F-11D3-BF4B-00C04F79EFBC}") = "TestMigration", "TestMigration\TestMigration.csproj", "{F55D9F06-5132-4460-B4A2-8B2D76C8292A}"
EndProject
Global
	GlobalSection(SolutionConfigurationPlatforms) = preSolution
		Debug|Any CPU = Debug|Any CPU
		Release|Any CPU = Release|Any CPU
	EndGlobalSection
	GlobalSection(ProjectConfigurationPlatforms) = postSolution
		{2F29981B-6D28-490C-9AE0-A5254459B3C9}.Debug|Any CPU.ActiveCfg = Debug|Any CPU
		{2F29981B-6D28-490C-9AE0-A5254459B3C9}.Debug|Any CPU.Build.0 = Debug|Any CPU
		{2F29981B-6D28-490C-9AE0-A5254459B3C9}.Release|Any CPU.ActiveCfg = Release|Any CPU
		{2F29981B-6D28-490C-9AE0-A5254459B3C9}.Release|Any CPU.Build.0 = Release|Any CPU
		{19A79D3E-71B4-4159-9812-F662F25578E1}.Debug|Any CPU.ActiveCfg = Debug|Any CPU
		{19A79D3E-71B4-4159-9812-F662F25578E1}.Debug|Any CPU.Build.0 = Debug|Any CPU
		{19A79D3E-71B4-4159-9812-F662F25578E1}.Release|Any CPU.ActiveCfg = Release|Any CPU
		{19A79D3E-71B4-4159-9812-F662F25578E1}.Release|Any CPU.Build.0 = Release|Any CPU
		{32A36B88-E44D-489B-8412-737B25962B53}.Debug|Any CPU.ActiveCfg = Debug|Any CPU
		{32A36B88-E44D-489B-8412-737B25962B53}.Debug|Any CPU.Build.0 = Debug|Any CPU
		{32A36B88-E44D-489B-8412-737B25962B53}.Release|Any CPU.ActiveCfg = Release|Any CPU
		{32A36B88-E44D-489B-8412-737B25962B53}.Release|Any CPU.Build.0 = Release|Any CPU
		{1092B2DF-FFAE-4081-AA07-5859D826C288}.Debug|Any CPU.ActiveCfg = Debug|Any CPU
		{1092B2DF-FFAE-4081-AA07-5859D826C288}.Debug|Any CPU.Build.0 = Debug|Any CPU
		{1092B2DF-FFAE-4081-AA07-5859D826C288}.Release|Any CPU.ActiveCfg = Release|Any CPU
		{1092B2DF-FFAE-4081-AA07-5859D826C288}.Release|Any CPU.Build.0 = Release|Any CPU
		{541AC047-F38A-4C7D-A6E4-DCC9F8A91609}.Debug|Any CPU.ActiveCfg = Debug|Any CPU
		{541AC047-F38A-4C7D-A6E4-DCC9F8A91609}.Debug|Any CPU.Build.0 = Debug|Any CPU
		{541AC047-F38A-4C7D-A6E4-DCC9F8A91609}.Release|Any CPU.ActiveCfg = Release|Any CPU
		{541AC047-F38A-4C7D-A6E4-DCC9F8A91609}.Release|Any CPU.Build.0 = Release|Any CPU
		{2BCFC620-12B7-4718-BBDE-1CF97D5C293C}.Debug|Any CPU.ActiveCfg = Debug|Any CPU
		{2BCFC620-12B7-4718-BBDE-1CF97D5C293C}.Debug|Any CPU.Build.0 = Debug|Any CPU
		{2BCFC620-12B7-4718-BBDE-1CF97D5C293C}.Release|Any CPU.ActiveCfg = Release|Any CPU
		{2BCFC620-12B7-4718-BBDE-1CF97D5C293C}.Release|Any CPU.Build.0 = Release|Any CPU
		{7ED4888C-35F7-4761-A0BC-DF1C0048C558}.Debug|Any CPU.ActiveCfg = Debug|Any CPU
		{7ED4888C-35F7-4761-A0BC-DF1C0048C558}.Debug|Any CPU.Build.0 = Debug|Any CPU
		{7ED4888C-35F7-4761-A0BC-DF1C0048C558}.Release|Any CPU.ActiveCfg = Release|Any CPU
		{7ED4888C-35F7-4761-A0BC-DF1C0048C558}.Release|Any CPU.Build.0 = Release|Any CPU
		{A40026F7-6CC5-48ED-9417-67EF8686881A}.Debug|Any CPU.ActiveCfg = Debug|Any CPU
		{A40026F7-6CC5-48ED-9417-67EF8686881A}.Debug|Any CPU.Build.0 = Debug|Any CPU
		{A40026F7-6CC5-48ED-9417-67EF8686881A}.Release|Any CPU.ActiveCfg = Release|Any CPU
		{A40026F7-6CC5-48ED-9417-67EF8686881A}.Release|Any CPU.Build.0 = Release|Any CPU
		{1389F71B-BB83-4CD6-BDD2-1A207B282567}.Debug|Any CPU.ActiveCfg = Debug|Any CPU
		{1389F71B-BB83-4CD6-BDD2-1A207B282567}.Debug|Any CPU.Build.0 = Debug|Any CPU
		{1389F71B-BB83-4CD6-BDD2-1A207B282567}.Release|Any CPU.ActiveCfg = Release|Any CPU
		{1389F71B-BB83-4CD6-BDD2-1A207B282567}.Release|Any CPU.Build.0 = Release|Any CPU
		{F55D9F06-5132-4460-B4A2-8B2D76C8292A}.Debug|Any CPU.ActiveCfg = Debug|Any CPU
		{F55D9F06-5132-4460-B4A2-8B2D76C8292A}.Debug|Any CPU.Build.0 = Debug|Any CPU
		{F55D9F06-5132-4460-B4A2-8B2D76C8292A}.Release|Any CPU.ActiveCfg = Release|Any CPU
		{F55D9F06-5132-4460-B4A2-8B2D76C8292A}.Release|Any CPU.Build.0 = Release|Any CPU
	EndGlobalSection
	GlobalSection(SolutionProperties) = preSolution
		HideSolutionNode = FALSE
	EndGlobalSection
	GlobalSection(NestedProjects) = preSolution
		{2F29981B-6D28-490C-9AE0-A5254459B3C9} = {7AE456D3-DB8C-48CE-8949-C193CC6C41D2}
		{19A79D3E-71B4-4159-9812-F662F25578E1} = {C64F6101-F255-4C6B-B42F-8881E9063B84}
		{32A36B88-E44D-489B-8412-737B25962B53} = {6EBC1011-F282-4EA4-8DBA-85A9C0C62502}
		{1092B2DF-FFAE-4081-AA07-5859D826C288} = {C64F6101-F255-4C6B-B42F-8881E9063B84}
		{541AC047-F38A-4C7D-A6E4-DCC9F8A91609} = {17E882F3-0C8F-4755-99A8-906C6F7EEDDE}
		{2BCFC620-12B7-4718-BBDE-1CF97D5C293C} = {17E882F3-0C8F-4755-99A8-906C6F7EEDDE}
		{7ED4888C-35F7-4761-A0BC-DF1C0048C558} = {17E882F3-0C8F-4755-99A8-906C6F7EEDDE}
		{A40026F7-6CC5-48ED-9417-67EF8686881A} = {17E882F3-0C8F-4755-99A8-906C6F7EEDDE}
		{1389F71B-BB83-4CD6-BDD2-1A207B282567} = {17E882F3-0C8F-4755-99A8-906C6F7EEDDE}
		{F55D9F06-5132-4460-B4A2-8B2D76C8292A} = {6EBC1011-F282-4EA4-8DBA-85A9C0C62502}
	EndGlobalSection
	GlobalSection(ExtensibilityGlobals) = postSolution
		SolutionGuid = {7029C916-1051-464B-AFBA-2988B09103C9}
	EndGlobalSection
EndGlobal
