
Microsoft Visual Studio Solution File, Format Version 12.00
# Visual Studio Version 17
VisualStudioVersion = 17.8.34309.116
MinimumVisualStudioVersion = 10.0.40219.1
Project("{2150E333-8FDC-42A3-9474-1A3956D46DE8}") = "Yeshua.CQRS.Application", "Yeshua.CQRS.Application", "{C64F6101-F255-4C6B-B42F-8881E9063B84}"
EndProject
Project("{2150E333-8FDC-42A3-9474-1A3956D46DE8}") = "Yeshua.CQRS.Infrastructure", "Yeshua.CQRS.Infrastructure", "{17E882F3-0C8F-4755-99A8-906C6F7EEDDE}"
EndProject
Project("{2150E333-8FDC-42A3-9474-1A3956D46DE8}") = "Yeshua.CQRS.Domain", "Yeshua.CQRS.Domain", "{7AE456D3-DB8C-48CE-8949-C193CC6C41D2}"
EndProject
Project("{2150E333-8FDC-42A3-9474-1A3956D46DE8}") = "Yeshua.Tests", "Yeshua.Tests", "{6EBC1011-F282-4EA4-8DBA-85A9C0C62502}"
EndProject
Project("{9A19103F-16F7-4668-BE54-9A1E7A4F7556}") = "Yeshua.CQRS.Infrastructure.Shared", "src\CQRS\Infrastructure\Yeshua.CQRS.Infrastructure.Shared\Yeshua.CQRS.Infrastructure.Shared.csproj", "{D157BEDF-D74F-4968-98D4-0C051A5DDBD6}"
EndProject
Project("{9A19103F-16F7-4668-BE54-9A1E7A4F7556}") = "Yeshua.Engine", "src\Engine\Yeshua.Engine\Yeshua.Engine.csproj", "{C3BE4312-AD10-4AC0-8EDC-CE3EE010F574}"
EndProject
Project("{9A19103F-16F7-4668-BE54-9A1E7A4F7556}") = "Yeshua.CQRS.Domain", "src\CQRS\Domain\Yeshua.CQRS.Domain\Yeshua.CQRS.Domain.csproj", "{7965E69C-CAAB-48D1-9E36-79D95B99749C}"
EndProject
Project("{9A19103F-16F7-4668-BE54-9A1E7A4F7556}") = "Yeshua.CQRS.Application.RepositoryInterfaces", "src\CQRS\Application\Yeshua.CQRS.Application.RepositoryInterfaces\Yeshua.CQRS.Application.RepositoryInterfaces.csproj", "{D441B877-C4AA-45C7-971B-707C0C83206B}"
EndProject
Project("{9A19103F-16F7-4668-BE54-9A1E7A4F7556}") = "Yeshua.Engine.Playground", "tools\Yeshua.Engine.Playground\Yeshua.Engine.Playground.csproj", "{55E8D497-5750-45C9-8EDD-CD9F736312E0}"
EndProject
Project("{9A19103F-16F7-4668-BE54-9A1E7A4F7556}") = "Yeshua.Engine.Tests", "tests\Engine\Yeshua.Engine.Tests\Yeshua.Engine.Tests.csproj", "{DF26EF52-C9E8-4B51-A072-01A362A701EF}"
EndProject
Project("{9A19103F-16F7-4668-BE54-9A1E7A4F7556}") = "Yeshua.CQRS.Application.Command", "src\CQRS\Application\Yeshua.CQRS.Application.Command\Yeshua.CQRS.Application.Command.csproj", "{63A9AF5D-062A-4A05-A58E-526DB60D096E}"
EndProject
Project("{2150E333-8FDC-42A3-9474-1A3956D46DE8}") = "Yeshua.Engine", "Yeshua.Engine", "{D5F6DDB9-1C29-4C77-9719-9ECF2E0B3F10}"
EndProject
Project("{2150E333-8FDC-42A3-9474-1A3956D46DE8}") = "Yeshua.Tools", "Yeshua.Tools", "{9C8D6B81-5749-45AF-B03C-819B5F1D8B40}"
EndProject
Project("{2150E333-8FDC-42A3-9474-1A3956D46DE8}") = "Itens de Solução", "Itens de Solução", "{8DCE7FF8-8B17-4358-9096-6E0761673F49}"
	ProjectSection(SolutionItems) = preProject
		.gitignore = .gitignore
	EndProjectSection
EndProject
Project("{9A19103F-16F7-4668-BE54-9A1E7A4F7556}") = "Yeshua.Studio.AppClinicas", "src\Studio\Yeshua.Studio.AppClinicas\Yeshua.Studio.AppClinicas.csproj", "{6DDB15B2-4769-4F03-A6D7-CCB3D4F4920D}"
EndProject
Project("{2150E333-8FDC-42A3-9474-1A3956D46DE8}") = "Yeshua.Studio", "Yeshua.Studio", "{640ED8C1-1F90-4FEB-8F1C-5B94F0946393}"
EndProject
Project("{9A19103F-16F7-4668-BE54-9A1E7A4F7556}") = "Yeshua.CQRS.Infrastructure.Front", "src\CQRS\Infrastructure\Yeshua.CQRS.Infrastructure.Front\Yeshua.CQRS.Infrastructure.Front.csproj", "{CEBE593F-EE77-4ECA-B745-B5F186DEDF55}"
EndProject
Project("{FAE04EC0-301F-11D3-BF4B-00C04F79EFBC}") = "Yeshua.Engine.AIContextBuilder", "src\Engine\Yeshua.Engine.AIContextBuilder\Yeshua.Engine.AIContextBuilder.csproj", "{1EA4C92D-7150-40A7-A800-261BBC88F30B}"
EndProject
Project("{FAE04EC0-301F-11D3-BF4B-00C04F79EFBC}") = "Yeshua.CQRS.Tests.Domain", "tests\CQRS\Yeshua.CQRS.Tests.Domain\Yeshua.CQRS.Tests.Domain.csproj", "{440C75C6-C248-4DBC-BAAB-2C409AB2B548}"
EndProject
Project("{FAE04EC0-301F-11D3-BF4B-00C04F79EFBC}") = "Yeshua.CQRS.Tests.Application", "tests\CQRS\Yeshua.CQRS.Tests.Application\Yeshua.CQRS.Tests.Application.csproj", "{D49C46CB-3822-4163-8A6B-9D6152356A46}"
EndProject
Project("{FAE04EC0-301F-11D3-BF4B-00C04F79EFBC}") = "Yeshua.CQRS.Tests.Integration.Api.TestKit", "tests\CQRS\Yeshua.CQRS.Tests.Integration.Api.TestKit\Yeshua.CQRS.Tests.Integration.Api.TestKit.csproj", "{45ED3B3A-C876-4507-BE6D-7991BE6B6C02}"
EndProject
Project("{9A19103F-16F7-4668-BE54-9A1E7A4F7556}") = "Yeshua.Studio.Fiscal.MDFe", "src\Studio\Yeshua.Studio.Fiscal.MDFe\Yeshua.Studio.Fiscal.MDFe.csproj", "{B1F23A4C-DEC9-463C-8CEC-8D18D1B029D7}"
EndProject
Project("{FAE04EC0-301F-11D3-BF4B-00C04F79EFBC}") = "Yeshua.Fiscal.MDFe.CQRS.Domain", "src\CQRS\Domain\Yeshua.Fiscal.MDFe.CQRS.Domain\Yeshua.Fiscal.MDFe.CQRS.Domain.csproj", "{F6B2D6A1-44E6-4504-B0DD-65CD00D7C320}"
EndProject
Project("{FAE04EC0-301F-11D3-BF4B-00C04F79EFBC}") = "Yeshua.Clinica.CQRS.Domain", "src\CQRS\Domain\Yeshua.Clinica.CQRS.Domain\Yeshua.Clinica.CQRS.Domain.csproj", "{0A376722-780F-4DBE-864F-BBEE83691065}"
EndProject
Project("{FAE04EC0-301F-11D3-BF4B-00C04F79EFBC}") = "Yeshua.Fiscal.MDFe.CQRS.Application.Command", "src\CQRS\Application\Yeshua.Fiscal.MDFe.CQRS.Application.Command\Yeshua.Fiscal.MDFe.CQRS.Application.Command.csproj", "{7CCFD1BE-AE22-4308-A4B5-DE242D20C95F}"
EndProject
Project("{FAE04EC0-301F-11D3-BF4B-00C04F79EFBC}") = "Yeshua.Clinica.CQRS.Application.Command", "src\CQRS\Application\Yeshua.Clinica.CQRS.Application.Command\Yeshua.Clinica.CQRS.Application.Command.csproj", "{41585696-C5A3-4904-8281-DC25D5D6FE08}"
EndProject
Project("{FAE04EC0-301F-11D3-BF4B-00C04F79EFBC}") = "Yeshua.Clinica.CQRS.Application.RepositoryInterfaces", "src\CQRS\Application\Yeshua.Clinica.CQRS.Application.RepositoryInterfaces\Yeshua.Clinica.CQRS.Application.RepositoryInterfaces.csproj", "{441BE80D-6822-4FE3-9A34-10F948260BD7}"
EndProject
Project("{FAE04EC0-301F-11D3-BF4B-00C04F79EFBC}") = "Yeshua.Fiscal.MDFe.CQRS.Application.RepositoryInterfaces", "src\CQRS\Application\Yeshua.Fiscal.MDFe.CQRS.Application.RepositoryInterfaces\Yeshua.Fiscal.MDFe.CQRS.Application.RepositoryInterfaces.csproj", "{74F4ACC8-68D2-4A47-ACD3-E98C7E96DB54}"
EndProject
Project("{FAE04EC0-301F-11D3-BF4B-00C04F79EFBC}") = "Yeshua.Fiscal.MDFe.CQRS.Infrastructure.RepositoryRead", "src\CQRS\Infrastructure\Yeshua.Fiscal.MDFe.CQRS.Infrastructure.RepositoryRead\Yeshua.Fiscal.MDFe.CQRS.Infrastructure.RepositoryRead.csproj", "{A30F35B6-867B-4C4D-8987-02A3A06CAAD0}"
EndProject
Project("{FAE04EC0-301F-11D3-BF4B-00C04F79EFBC}") = "Yeshua.Fiscal.MDFe.CQRS.Infrastructure.RepositoryWrite", "src\CQRS\Infrastructure\Yeshua.Fiscal.MDFe.CQRS.Infrastructure.RepositoryWrite\Yeshua.Fiscal.MDFe.CQRS.Infrastructure.RepositoryWrite.csproj", "{43F22589-3322-4189-8383-95F1B4E53F86}"
EndProject
Project("{FAE04EC0-301F-11D3-BF4B-00C04F79EFBC}") = "Yeshua.Clinica.CQRS.Infrastructure.RepositoryRead", "src\CQRS\Infrastructure\Yeshua.Clinica.CQRS.Infrastructure.RepositoryRead\Yeshua.Clinica.CQRS.Infrastructure.RepositoryRead.csproj", "{F126C86D-374E-46B5-9D1C-24CFE82F36E6}"
EndProject
Project("{FAE04EC0-301F-11D3-BF4B-00C04F79EFBC}") = "Yeshua.Clinica.CQRS.Infrastructure.RepositoryWrite", "src\CQRS\Infrastructure\Yeshua.Clinica.CQRS.Infrastructure.RepositoryWrite\Yeshua.Clinica.CQRS.Infrastructure.RepositoryWrite.csproj", "{DD14AE60-DB74-4129-ADDC-F30D819A1513}"
EndProject
Project("{FAE04EC0-301F-11D3-BF4B-00C04F79EFBC}") = "Yeshua.Clinica.CQRS.Infrastructure.Api", "src\CQRS\Infrastructure\Yeshua.Clinica.CQRS.Infrastructure.Api\Yeshua.Clinica.CQRS.Infrastructure.Api.csproj", "{7C58C11F-F9E5-4186-918D-DED6C22509AD}"
EndProject
Project("{FAE04EC0-301F-11D3-BF4B-00C04F79EFBC}") = "Yeshua.Clinica.CQRS.Infrastructure.Worker", "src\CQRS\Infrastructure\Yeshua.Clinica.CQRS.Infrastructure.Worker\Yeshua.Clinica.CQRS.Infrastructure.Worker.csproj", "{FD0039C8-F900-40B0-9C34-D5BF9932BA73}"
EndProject
Project("{FAE04EC0-301F-11D3-BF4B-00C04F79EFBC}") = "Yeshua.Fiscal.MDFe.CQRS.Infrastructure.Api", "src\CQRS\Infrastructure\Yeshua.Fiscal.MDFe.CQRS.Infrastructure.Api\Yeshua.Fiscal.MDFe.CQRS.Infrastructure.Api.csproj", "{648DAA87-F22C-447C-A010-169D58311CA6}"
EndProject
Project("{FAE04EC0-301F-11D3-BF4B-00C04F79EFBC}") = "Yeshua.Fiscal.MDFe.CQRS.Infrastructure.Worker", "src\CQRS\Infrastructure\Yeshua.Fiscal.MDFe.CQRS.Infrastructure.Worker\Yeshua.Fiscal.MDFe.CQRS.Infrastructure.Worker.csproj", "{4FB8B156-FC5B-412E-A3C7-CFDEE4E11A59}"
EndProject
Project("{FAE04EC0-301F-11D3-BF4B-00C04F79EFBC}") = "Yeshua.Clinica.CQRS.Infrastructure.Shared", "src\CQRS\Infrastructure\Yeshua.Clinica.CQRS.Infrastructure.Shared\Yeshua.Clinica.CQRS.Infrastructure.Shared.csproj", "{AA659982-4496-4D6B-AD77-7EB8D4660201}"
EndProject
Project("{FAE04EC0-301F-11D3-BF4B-00C04F79EFBC}") = "Yeshua.Fiscal.MDFe.CQRS.Infrastructure.Shared", "src\CQRS\Infrastructure\Yeshua.Fiscal.MDFe.CQRS.Infrastructure.Shared\Yeshua.Fiscal.MDFe.CQRS.Infrastructure.Shared.csproj", "{480240DB-5F7C-435C-9F67-40A4AB464354}"
EndProject
Project("{FAE04EC0-301F-11D3-BF4B-00C04F79EFBC}") = "Yeshua.Clinica.CQRS.Infrastructure.Front", "src\CQRS\Infrastructure\Yeshua.Clinica.CQRS.Infrastructure.Front\Yeshua.Clinica.CQRS.Infrastructure.Front.csproj", "{0811AB0F-AE2C-4DE3-96A8-2DFEC9E2D51E}"
EndProject
Project("{FAE04EC0-301F-11D3-BF4B-00C04F79EFBC}") = "Yeshua.Fiscal.MDFe.CQRS.Infrastructure.Front", "src\CQRS\Infrastructure\Yeshua.Fiscal.MDFe.CQRS.Infrastructure.Front\Yeshua.Fiscal.MDFe.CQRS.Infrastructure.Front.csproj", "{4DAC8EE6-7AD1-407B-82F8-849248794C12}"
EndProject
Project("{2150E333-8FDC-42A3-9474-1A3956D46DE8}") = "src", "src", "{827E0CD3-B72D-47B6-A68D-7590B98EB39B}"
EndProject
Project("{2150E333-8FDC-42A3-9474-1A3956D46DE8}") = "Studio", "Studio", "{2B4E54AC-7DEF-1549-9779-3DE57D644187}"
EndProject
Project("{FAE04EC0-301F-11D3-BF4B-00C04F79EFBC}") = "Yeshua.Studio.Environment.Production", "src\Studio\Yeshua.Studio.Environment.Production\Yeshua.Studio.Environment.Production.csproj", "{A752D350-71FC-46B1-A994-F24E2931E82F}"
EndProject
Project("{FAE04EC0-301F-11D3-BF4B-00C04F79EFBC}") = "Yeshua.Clinica.CQRS.Tests.Integration.Api.Smoke", "tests\CQRS\Yeshua.Clinica.CQRS.Tests.Integration.Api.Smoke\Yeshua.Clinica.CQRS.Tests.Integration.Api.Smoke.csproj", "{113C74E3-4287-48AC-87D6-87EC46D99DAB}"
EndProject
Project("{FAE04EC0-301F-11D3-BF4B-00C04F79EFBC}") = "Yeshua.Fiscal.MDFe.CQRS.Tests.Integration.Api.Smoke", "tests\CQRS\Yeshua.Fiscal.MDFe.CQRS.Tests.Integration.Api.Smoke\Yeshua.Fiscal.MDFe.CQRS.Tests.Integration.Api.Smoke.csproj", "{E341CAF9-F8EA-4841-AD34-031B44320F2B}"
EndProject
Project("{2150E333-8FDC-42A3-9474-1A3956D46DE8}") = "Yeshua.OperationalIntelligence", "Yeshua.OperationalIntelligence", "{256B10D8-9750-19E1-EA32-E4E41688B39B}"
EndProject
Project("{FAE04EC0-301F-11D3-BF4B-00C04F79EFBC}") = "Yeshua.OperationalIntelligence.Api", "src\OperationalIntelligence\Yeshua.OperationalIntelligence.Api\Yeshua.OperationalIntelligence.Api.csproj", "{21677C7E-1260-46CE-86C5-4A86910C22D1}"
EndProject
Project("{FAE04EC0-301F-11D3-BF4B-00C04F79EFBC}") = "Yeshua.OperationalIntelligence.PostBuild", "src\OperationalIntelligence\Yeshua.OperationalIntelligence.PostBuild\Yeshua.OperationalIntelligence.PostBuild.csproj", "{8CFF2BAB-F49C-4505-9E51-341E9F64B2AC}"
EndProject
Global
	GlobalSection(SolutionConfigurationPlatforms) = preSolution
		Debug|Any CPU = Debug|Any CPU
		Debug|x64 = Debug|x64
		Debug|x86 = Debug|x86
		Release|Any CPU = Release|Any CPU
		Release|x64 = Release|x64
		Release|x86 = Release|x86
	EndGlobalSection
	GlobalSection(ProjectConfigurationPlatforms) = postSolution
		{D157BEDF-D74F-4968-98D4-0C051A5DDBD6}.Debug|Any CPU.ActiveCfg = Debug|Any CPU
		{D157BEDF-D74F-4968-98D4-0C051A5DDBD6}.Debug|Any CPU.Build.0 = Debug|Any CPU
		{D157BEDF-D74F-4968-98D4-0C051A5DDBD6}.Debug|x64.ActiveCfg = Debug|Any CPU
		{D157BEDF-D74F-4968-98D4-0C051A5DDBD6}.Debug|x64.Build.0 = Debug|Any CPU
		{D157BEDF-D74F-4968-98D4-0C051A5DDBD6}.Debug|x86.ActiveCfg = Debug|Any CPU
		{D157BEDF-D74F-4968-98D4-0C051A5DDBD6}.Debug|x86.Build.0 = Debug|Any CPU
		{D157BEDF-D74F-4968-98D4-0C051A5DDBD6}.Release|Any CPU.ActiveCfg = Release|Any CPU
		{D157BEDF-D74F-4968-98D4-0C051A5DDBD6}.Release|Any CPU.Build.0 = Release|Any CPU
		{D157BEDF-D74F-4968-98D4-0C051A5DDBD6}.Release|x64.ActiveCfg = Release|Any CPU
		{D157BEDF-D74F-4968-98D4-0C051A5DDBD6}.Release|x64.Build.0 = Release|Any CPU
		{D157BEDF-D74F-4968-98D4-0C051A5DDBD6}.Release|x86.ActiveCfg = Release|Any CPU
		{D157BEDF-D74F-4968-98D4-0C051A5DDBD6}.Release|x86.Build.0 = Release|Any CPU
		{C3BE4312-AD10-4AC0-8EDC-CE3EE010F574}.Debug|Any CPU.ActiveCfg = Debug|Any CPU
		{C3BE4312-AD10-4AC0-8EDC-CE3EE010F574}.Debug|Any CPU.Build.0 = Debug|Any CPU
		{C3BE4312-AD10-4AC0-8EDC-CE3EE010F574}.Debug|x64.ActiveCfg = Debug|Any CPU
		{C3BE4312-AD10-4AC0-8EDC-CE3EE010F574}.Debug|x64.Build.0 = Debug|Any CPU
		{C3BE4312-AD10-4AC0-8EDC-CE3EE010F574}.Debug|x86.ActiveCfg = Debug|Any CPU
		{C3BE4312-AD10-4AC0-8EDC-CE3EE010F574}.Debug|x86.Build.0 = Debug|Any CPU
		{C3BE4312-AD10-4AC0-8EDC-CE3EE010F574}.Release|Any CPU.ActiveCfg = Release|Any CPU
		{C3BE4312-AD10-4AC0-8EDC-CE3EE010F574}.Release|Any CPU.Build.0 = Release|Any CPU
		{C3BE4312-AD10-4AC0-8EDC-CE3EE010F574}.Release|x64.ActiveCfg = Release|Any CPU
		{C3BE4312-AD10-4AC0-8EDC-CE3EE010F574}.Release|x64.Build.0 = Release|Any CPU
		{C3BE4312-AD10-4AC0-8EDC-CE3EE010F574}.Release|x86.ActiveCfg = Release|Any CPU
		{C3BE4312-AD10-4AC0-8EDC-CE3EE010F574}.Release|x86.Build.0 = Release|Any CPU
		{7965E69C-CAAB-48D1-9E36-79D95B99749C}.Debug|Any CPU.ActiveCfg = Debug|Any CPU
		{7965E69C-CAAB-48D1-9E36-79D95B99749C}.Debug|Any CPU.Build.0 = Debug|Any CPU
		{7965E69C-CAAB-48D1-9E36-79D95B99749C}.Debug|x64.ActiveCfg = Debug|Any CPU
		{7965E69C-CAAB-48D1-9E36-79D95B99749C}.Debug|x64.Build.0 = Debug|Any CPU
		{7965E69C-CAAB-48D1-9E36-79D95B99749C}.Debug|x86.ActiveCfg = Debug|Any CPU
		{7965E69C-CAAB-48D1-9E36-79D95B99749C}.Debug|x86.Build.0 = Debug|Any CPU
		{7965E69C-CAAB-48D1-9E36-79D95B99749C}.Release|Any CPU.ActiveCfg = Release|Any CPU
		{7965E69C-CAAB-48D1-9E36-79D95B99749C}.Release|Any CPU.Build.0 = Release|Any CPU
		{7965E69C-CAAB-48D1-9E36-79D95B99749C}.Release|x64.ActiveCfg = Release|Any CPU
		{7965E69C-CAAB-48D1-9E36-79D95B99749C}.Release|x64.Build.0 = Release|Any CPU
		{7965E69C-CAAB-48D1-9E36-79D95B99749C}.Release|x86.ActiveCfg = Release|Any CPU
		{7965E69C-CAAB-48D1-9E36-79D95B99749C}.Release|x86.Build.0 = Release|Any CPU
		{D441B877-C4AA-45C7-971B-707C0C83206B}.Debug|Any CPU.ActiveCfg = Debug|Any CPU
		{D441B877-C4AA-45C7-971B-707C0C83206B}.Debug|Any CPU.Build.0 = Debug|Any CPU
		{D441B877-C4AA-45C7-971B-707C0C83206B}.Debug|x64.ActiveCfg = Debug|Any CPU
		{D441B877-C4AA-45C7-971B-707C0C83206B}.Debug|x64.Build.0 = Debug|Any CPU
		{D441B877-C4AA-45C7-971B-707C0C83206B}.Debug|x86.ActiveCfg = Debug|Any CPU
		{D441B877-C4AA-45C7-971B-707C0C83206B}.Debug|x86.Build.0 = Debug|Any CPU
		{D441B877-C4AA-45C7-971B-707C0C83206B}.Release|Any CPU.ActiveCfg = Release|Any CPU
		{D441B877-C4AA-45C7-971B-707C0C83206B}.Release|Any CPU.Build.0 = Release|Any CPU
		{D441B877-C4AA-45C7-971B-707C0C83206B}.Release|x64.ActiveCfg = Release|Any CPU
		{D441B877-C4AA-45C7-971B-707C0C83206B}.Release|x64.Build.0 = Release|Any CPU
		{D441B877-C4AA-45C7-971B-707C0C83206B}.Release|x86.ActiveCfg = Release|Any CPU
		{D441B877-C4AA-45C7-971B-707C0C83206B}.Release|x86.Build.0 = Release|Any CPU
		{55E8D497-5750-45C9-8EDD-CD9F736312E0}.Debug|Any CPU.ActiveCfg = Debug|Any CPU
		{55E8D497-5750-45C9-8EDD-CD9F736312E0}.Debug|Any CPU.Build.0 = Debug|Any CPU
		{55E8D497-5750-45C9-8EDD-CD9F736312E0}.Debug|x64.ActiveCfg = Debug|Any CPU
		{55E8D497-5750-45C9-8EDD-CD9F736312E0}.Debug|x64.Build.0 = Debug|Any CPU
		{55E8D497-5750-45C9-8EDD-CD9F736312E0}.Debug|x86.ActiveCfg = Debug|Any CPU
		{55E8D497-5750-45C9-8EDD-CD9F736312E0}.Debug|x86.Build.0 = Debug|Any CPU
		{55E8D497-5750-45C9-8EDD-CD9F736312E0}.Release|Any CPU.ActiveCfg = Release|Any CPU
		{55E8D497-5750-45C9-8EDD-CD9F736312E0}.Release|Any CPU.Build.0 = Release|Any CPU
		{55E8D497-5750-45C9-8EDD-CD9F736312E0}.Release|x64.ActiveCfg = Release|Any CPU
		{55E8D497-5750-45C9-8EDD-CD9F736312E0}.Release|x64.Build.0 = Release|Any CPU
		{55E8D497-5750-45C9-8EDD-CD9F736312E0}.Release|x86.ActiveCfg = Release|Any CPU
		{55E8D497-5750-45C9-8EDD-CD9F736312E0}.Release|x86.Build.0 = Release|Any CPU
		{DF26EF52-C9E8-4B51-A072-01A362A701EF}.Debug|Any CPU.ActiveCfg = Debug|Any CPU
		{DF26EF52-C9E8-4B51-A072-01A362A701EF}.Debug|Any CPU.Build.0 = Debug|Any CPU
		{DF26EF52-C9E8-4B51-A072-01A362A701EF}.Debug|x64.ActiveCfg = Debug|Any CPU
		{DF26EF52-C9E8-4B51-A072-01A362A701EF}.Debug|x64.Build.0 = Debug|Any CPU
		{DF26EF52-C9E8-4B51-A072-01A362A701EF}.Debug|x86.ActiveCfg = Debug|Any CPU
		{DF26EF52-C9E8-4B51-A072-01A362A701EF}.Debug|x86.Build.0 = Debug|Any CPU
		{DF26EF52-C9E8-4B51-A072-01A362A701EF}.Release|Any CPU.ActiveCfg = Release|Any CPU
		{DF26EF52-C9E8-4B51-A072-01A362A701EF}.Release|Any CPU.Build.0 = Release|Any CPU
		{DF26EF52-C9E8-4B51-A072-01A362A701EF}.Release|x64.ActiveCfg = Release|Any CPU
		{DF26EF52-C9E8-4B51-A072-01A362A701EF}.Release|x64.Build.0 = Release|Any CPU
		{DF26EF52-C9E8-4B51-A072-01A362A701EF}.Release|x86.ActiveCfg = Release|Any CPU
		{DF26EF52-C9E8-4B51-A072-01A362A701EF}.Release|x86.Build.0 = Release|Any CPU
		{63A9AF5D-062A-4A05-A58E-526DB60D096E}.Debug|Any CPU.ActiveCfg = Debug|Any CPU
		{63A9AF5D-062A-4A05-A58E-526DB60D096E}.Debug|Any CPU.Build.0 = Debug|Any CPU
		{63A9AF5D-062A-4A05-A58E-526DB60D096E}.Debug|x64.ActiveCfg = Debug|Any CPU
		{63A9AF5D-062A-4A05-A58E-526DB60D096E}.Debug|x64.Build.0 = Debug|Any CPU
		{63A9AF5D-062A-4A05-A58E-526DB60D096E}.Debug|x86.ActiveCfg = Debug|Any CPU
		{63A9AF5D-062A-4A05-A58E-526DB60D096E}.Debug|x86.Build.0 = Debug|Any CPU
		{63A9AF5D-062A-4A05-A58E-526DB60D096E}.Release|Any CPU.ActiveCfg = Release|Any CPU
		{63A9AF5D-062A-4A05-A58E-526DB60D096E}.Release|Any CPU.Build.0 = Release|Any CPU
		{63A9AF5D-062A-4A05-A58E-526DB60D096E}.Release|x64.ActiveCfg = Release|Any CPU
		{63A9AF5D-062A-4A05-A58E-526DB60D096E}.Release|x64.Build.0 = Release|Any CPU
		{63A9AF5D-062A-4A05-A58E-526DB60D096E}.Release|x86.ActiveCfg = Release|Any CPU
		{63A9AF5D-062A-4A05-A58E-526DB60D096E}.Release|x86.Build.0 = Release|Any CPU
		{6DDB15B2-4769-4F03-A6D7-CCB3D4F4920D}.Debug|Any CPU.ActiveCfg = Debug|Any CPU
		{6DDB15B2-4769-4F03-A6D7-CCB3D4F4920D}.Debug|Any CPU.Build.0 = Debug|Any CPU
		{6DDB15B2-4769-4F03-A6D7-CCB3D4F4920D}.Debug|x64.ActiveCfg = Debug|Any CPU
		{6DDB15B2-4769-4F03-A6D7-CCB3D4F4920D}.Debug|x64.Build.0 = Debug|Any CPU
		{6DDB15B2-4769-4F03-A6D7-CCB3D4F4920D}.Debug|x86.ActiveCfg = Debug|Any CPU
		{6DDB15B2-4769-4F03-A6D7-CCB3D4F4920D}.Debug|x86.Build.0 = Debug|Any CPU
		{6DDB15B2-4769-4F03-A6D7-CCB3D4F4920D}.Release|Any CPU.ActiveCfg = Release|Any CPU
		{6DDB15B2-4769-4F03-A6D7-CCB3D4F4920D}.Release|Any CPU.Build.0 = Release|Any CPU
		{6DDB15B2-4769-4F03-A6D7-CCB3D4F4920D}.Release|x64.ActiveCfg = Release|Any CPU
		{6DDB15B2-4769-4F03-A6D7-CCB3D4F4920D}.Release|x64.Build.0 = Release|Any CPU
		{6DDB15B2-4769-4F03-A6D7-CCB3D4F4920D}.Release|x86.ActiveCfg = Release|Any CPU
		{6DDB15B2-4769-4F03-A6D7-CCB3D4F4920D}.Release|x86.Build.0 = Release|Any CPU
		{CEBE593F-EE77-4ECA-B745-B5F186DEDF55}.Debug|Any CPU.ActiveCfg = Debug|Any CPU
		{CEBE593F-EE77-4ECA-B745-B5F186DEDF55}.Debug|Any CPU.Build.0 = Debug|Any CPU
		{CEBE593F-EE77-4ECA-B745-B5F186DEDF55}.Debug|x64.ActiveCfg = Debug|Any CPU
		{CEBE593F-EE77-4ECA-B745-B5F186DEDF55}.Debug|x64.Build.0 = Debug|Any CPU
		{CEBE593F-EE77-4ECA-B745-B5F186DEDF55}.Debug|x86.ActiveCfg = Debug|Any CPU
		{CEBE593F-EE77-4ECA-B745-B5F186DEDF55}.Debug|x86.Build.0 = Debug|Any CPU
		{CEBE593F-EE77-4ECA-B745-B5F186DEDF55}.Release|Any CPU.ActiveCfg = Release|Any CPU
		{CEBE593F-EE77-4ECA-B745-B5F186DEDF55}.Release|Any CPU.Build.0 = Release|Any CPU
		{CEBE593F-EE77-4ECA-B745-B5F186DEDF55}.Release|x64.ActiveCfg = Release|Any CPU
		{CEBE593F-EE77-4ECA-B745-B5F186DEDF55}.Release|x64.Build.0 = Release|Any CPU
		{CEBE593F-EE77-4ECA-B745-B5F186DEDF55}.Release|x86.ActiveCfg = Release|Any CPU
		{CEBE593F-EE77-4ECA-B745-B5F186DEDF55}.Release|x86.Build.0 = Release|Any CPU
		{1EA4C92D-7150-40A7-A800-261BBC88F30B}.Debug|Any CPU.ActiveCfg = Debug|Any CPU
		{1EA4C92D-7150-40A7-A800-261BBC88F30B}.Debug|Any CPU.Build.0 = Debug|Any CPU
		{1EA4C92D-7150-40A7-A800-261BBC88F30B}.Debug|x64.ActiveCfg = Debug|Any CPU
		{1EA4C92D-7150-40A7-A800-261BBC88F30B}.Debug|x64.Build.0 = Debug|Any CPU
		{1EA4C92D-7150-40A7-A800-261BBC88F30B}.Debug|x86.ActiveCfg = Debug|Any CPU
		{1EA4C92D-7150-40A7-A800-261BBC88F30B}.Debug|x86.Build.0 = Debug|Any CPU
		{1EA4C92D-7150-40A7-A800-261BBC88F30B}.Release|Any CPU.ActiveCfg = Release|Any CPU
		{1EA4C92D-7150-40A7-A800-261BBC88F30B}.Release|Any CPU.Build.0 = Release|Any CPU
		{1EA4C92D-7150-40A7-A800-261BBC88F30B}.Release|x64.ActiveCfg = Release|Any CPU
		{1EA4C92D-7150-40A7-A800-261BBC88F30B}.Release|x64.Build.0 = Release|Any CPU
		{1EA4C92D-7150-40A7-A800-261BBC88F30B}.Release|x86.ActiveCfg = Release|Any CPU
		{1EA4C92D-7150-40A7-A800-261BBC88F30B}.Release|x86.Build.0 = Release|Any CPU
		{440C75C6-C248-4DBC-BAAB-2C409AB2B548}.Debug|Any CPU.ActiveCfg = Debug|Any CPU
		{440C75C6-C248-4DBC-BAAB-2C409AB2B548}.Debug|Any CPU.Build.0 = Debug|Any CPU
		{440C75C6-C248-4DBC-BAAB-2C409AB2B548}.Debug|x64.ActiveCfg = Debug|Any CPU
		{440C75C6-C248-4DBC-BAAB-2C409AB2B548}.Debug|x64.Build.0 = Debug|Any CPU
		{440C75C6-C248-4DBC-BAAB-2C409AB2B548}.Debug|x86.ActiveCfg = Debug|Any CPU
		{440C75C6-C248-4DBC-BAAB-2C409AB2B548}.Debug|x86.Build.0 = Debug|Any CPU
		{440C75C6-C248-4DBC-BAAB-2C409AB2B548}.Release|Any CPU.ActiveCfg = Release|Any CPU
		{440C75C6-C248-4DBC-BAAB-2C409AB2B548}.Release|Any CPU.Build.0 = Release|Any CPU
		{440C75C6-C248-4DBC-BAAB-2C409AB2B548}.Release|x64.ActiveCfg = Release|Any CPU
		{440C75C6-C248-4DBC-BAAB-2C409AB2B548}.Release|x64.Build.0 = Release|Any CPU
		{440C75C6-C248-4DBC-BAAB-2C409AB2B548}.Release|x86.ActiveCfg = Release|Any CPU
		{440C75C6-C248-4DBC-BAAB-2C409AB2B548}.Release|x86.Build.0 = Release|Any CPU
		{D49C46CB-3822-4163-8A6B-9D6152356A46}.Debug|Any CPU.ActiveCfg = Debug|Any CPU
		{D49C46CB-3822-4163-8A6B-9D6152356A46}.Debug|Any CPU.Build.0 = Debug|Any CPU
		{D49C46CB-3822-4163-8A6B-9D6152356A46}.Debug|x64.ActiveCfg = Debug|Any CPU
		{D49C46CB-3822-4163-8A6B-9D6152356A46}.Debug|x64.Build.0 = Debug|Any CPU
		{D49C46CB-3822-4163-8A6B-9D6152356A46}.Debug|x86.ActiveCfg = Debug|Any CPU
		{D49C46CB-3822-4163-8A6B-9D6152356A46}.Debug|x86.Build.0 = Debug|Any CPU
		{D49C46CB-3822-4163-8A6B-9D6152356A46}.Release|Any CPU.ActiveCfg = Release|Any CPU
		{D49C46CB-3822-4163-8A6B-9D6152356A46}.Release|Any CPU.Build.0 = Release|Any CPU
		{D49C46CB-3822-4163-8A6B-9D6152356A46}.Release|x64.ActiveCfg = Release|Any CPU
		{D49C46CB-3822-4163-8A6B-9D6152356A46}.Release|x64.Build.0 = Release|Any CPU
		{D49C46CB-3822-4163-8A6B-9D6152356A46}.Release|x86.ActiveCfg = Release|Any CPU
		{D49C46CB-3822-4163-8A6B-9D6152356A46}.Release|x86.Build.0 = Release|Any CPU
		{45ED3B3A-C876-4507-BE6D-7991BE6B6C02}.Debug|Any CPU.ActiveCfg = Debug|Any CPU
		{45ED3B3A-C876-4507-BE6D-7991BE6B6C02}.Debug|Any CPU.Build.0 = Debug|Any CPU
		{45ED3B3A-C876-4507-BE6D-7991BE6B6C02}.Debug|x64.ActiveCfg = Debug|Any CPU
		{45ED3B3A-C876-4507-BE6D-7991BE6B6C02}.Debug|x64.Build.0 = Debug|Any CPU
		{45ED3B3A-C876-4507-BE6D-7991BE6B6C02}.Debug|x86.ActiveCfg = Debug|Any CPU
		{45ED3B3A-C876-4507-BE6D-7991BE6B6C02}.Debug|x86.Build.0 = Debug|Any CPU
		{45ED3B3A-C876-4507-BE6D-7991BE6B6C02}.Release|Any CPU.ActiveCfg = Release|Any CPU
		{45ED3B3A-C876-4507-BE6D-7991BE6B6C02}.Release|Any CPU.Build.0 = Release|Any CPU
		{45ED3B3A-C876-4507-BE6D-7991BE6B6C02}.Release|x64.ActiveCfg = Release|Any CPU
		{45ED3B3A-C876-4507-BE6D-7991BE6B6C02}.Release|x64.Build.0 = Release|Any CPU
		{45ED3B3A-C876-4507-BE6D-7991BE6B6C02}.Release|x86.ActiveCfg = Release|Any CPU
		{45ED3B3A-C876-4507-BE6D-7991BE6B6C02}.Release|x86.Build.0 = Release|Any CPU
		{B1F23A4C-DEC9-463C-8CEC-8D18D1B029D7}.Debug|Any CPU.ActiveCfg = Debug|Any CPU
		{B1F23A4C-DEC9-463C-8CEC-8D18D1B029D7}.Debug|Any CPU.Build.0 = Debug|Any CPU
		{B1F23A4C-DEC9-463C-8CEC-8D18D1B029D7}.Debug|x64.ActiveCfg = Debug|Any CPU
		{B1F23A4C-DEC9-463C-8CEC-8D18D1B029D7}.Debug|x64.Build.0 = Debug|Any CPU
		{B1F23A4C-DEC9-463C-8CEC-8D18D1B029D7}.Debug|x86.ActiveCfg = Debug|Any CPU
		{B1F23A4C-DEC9-463C-8CEC-8D18D1B029D7}.Debug|x86.Build.0 = Debug|Any CPU
		{B1F23A4C-DEC9-463C-8CEC-8D18D1B029D7}.Release|Any CPU.ActiveCfg = Release|Any CPU
		{B1F23A4C-DEC9-463C-8CEC-8D18D1B029D7}.Release|Any CPU.Build.0 = Release|Any CPU
		{B1F23A4C-DEC9-463C-8CEC-8D18D1B029D7}.Release|x64.ActiveCfg = Release|Any CPU
		{B1F23A4C-DEC9-463C-8CEC-8D18D1B029D7}.Release|x64.Build.0 = Release|Any CPU
		{B1F23A4C-DEC9-463C-8CEC-8D18D1B029D7}.Release|x86.ActiveCfg = Release|Any CPU
		{B1F23A4C-DEC9-463C-8CEC-8D18D1B029D7}.Release|x86.Build.0 = Release|Any CPU
		{F6B2D6A1-44E6-4504-B0DD-65CD00D7C320}.Debug|Any CPU.ActiveCfg = Debug|Any CPU
		{F6B2D6A1-44E6-4504-B0DD-65CD00D7C320}.Debug|Any CPU.Build.0 = Debug|Any CPU
		{F6B2D6A1-44E6-4504-B0DD-65CD00D7C320}.Debug|x64.ActiveCfg = Debug|Any CPU
		{F6B2D6A1-44E6-4504-B0DD-65CD00D7C320}.Debug|x64.Build.0 = Debug|Any CPU
		{F6B2D6A1-44E6-4504-B0DD-65CD00D7C320}.Debug|x86.ActiveCfg = Debug|Any CPU
		{F6B2D6A1-44E6-4504-B0DD-65CD00D7C320}.Debug|x86.Build.0 = Debug|Any CPU
		{F6B2D6A1-44E6-4504-B0DD-65CD00D7C320}.Release|Any CPU.ActiveCfg = Release|Any CPU
		{F6B2D6A1-44E6-4504-B0DD-65CD00D7C320}.Release|Any CPU.Build.0 = Release|Any CPU
		{F6B2D6A1-44E6-4504-B0DD-65CD00D7C320}.Release|x64.ActiveCfg = Release|Any CPU
		{F6B2D6A1-44E6-4504-B0DD-65CD00D7C320}.Release|x64.Build.0 = Release|Any CPU
		{F6B2D6A1-44E6-4504-B0DD-65CD00D7C320}.Release|x86.ActiveCfg = Release|Any CPU
		{F6B2D6A1-44E6-4504-B0DD-65CD00D7C320}.Release|x86.Build.0 = Release|Any CPU
		{0A376722-780F-4DBE-864F-BBEE83691065}.Debug|Any CPU.ActiveCfg = Debug|Any CPU
		{0A376722-780F-4DBE-864F-BBEE83691065}.Debug|Any CPU.Build.0 = Debug|Any CPU
		{0A376722-780F-4DBE-864F-BBEE83691065}.Debug|x64.ActiveCfg = Debug|Any CPU
		{0A376722-780F-4DBE-864F-BBEE83691065}.Debug|x64.Build.0 = Debug|Any CPU
		{0A376722-780F-4DBE-864F-BBEE83691065}.Debug|x86.ActiveCfg = Debug|Any CPU
		{0A376722-780F-4DBE-864F-BBEE83691065}.Debug|x86.Build.0 = Debug|Any CPU
		{0A376722-780F-4DBE-864F-BBEE83691065}.Release|Any CPU.ActiveCfg = Release|Any CPU
		{0A376722-780F-4DBE-864F-BBEE83691065}.Release|Any CPU.Build.0 = Release|Any CPU
		{0A376722-780F-4DBE-864F-BBEE83691065}.Release|x64.ActiveCfg = Release|Any CPU
		{0A376722-780F-4DBE-864F-BBEE83691065}.Release|x64.Build.0 = Release|Any CPU
		{0A376722-780F-4DBE-864F-BBEE83691065}.Release|x86.ActiveCfg = Release|Any CPU
		{0A376722-780F-4DBE-864F-BBEE83691065}.Release|x86.Build.0 = Release|Any CPU
		{7CCFD1BE-AE22-4308-A4B5-DE242D20C95F}.Debug|Any CPU.ActiveCfg = Debug|Any CPU
		{7CCFD1BE-AE22-4308-A4B5-DE242D20C95F}.Debug|Any CPU.Build.0 = Debug|Any CPU
		{7CCFD1BE-AE22-4308-A4B5-DE242D20C95F}.Debug|x64.ActiveCfg = Debug|Any CPU
		{7CCFD1BE-AE22-4308-A4B5-DE242D20C95F}.Debug|x64.Build.0 = Debug|Any CPU
		{7CCFD1BE-AE22-4308-A4B5-DE242D20C95F}.Debug|x86.ActiveCfg = Debug|Any CPU
		{7CCFD1BE-AE22-4308-A4B5-DE242D20C95F}.Debug|x86.Build.0 = Debug|Any CPU
		{7CCFD1BE-AE22-4308-A4B5-DE242D20C95F}.Release|Any CPU.ActiveCfg = Release|Any CPU
		{7CCFD1BE-AE22-4308-A4B5-DE242D20C95F}.Release|Any CPU.Build.0 = Release|Any CPU
		{7CCFD1BE-AE22-4308-A4B5-DE242D20C95F}.Release|x64.ActiveCfg = Release|Any CPU
		{7CCFD1BE-AE22-4308-A4B5-DE242D20C95F}.Release|x64.Build.0 = Release|Any CPU
		{7CCFD1BE-AE22-4308-A4B5-DE242D20C95F}.Release|x86.ActiveCfg = Release|Any CPU
		{7CCFD1BE-AE22-4308-A4B5-DE242D20C95F}.Release|x86.Build.0 = Release|Any CPU
		{41585696-C5A3-4904-8281-DC25D5D6FE08}.Debug|Any CPU.ActiveCfg = Debug|Any CPU
		{41585696-C5A3-4904-8281-DC25D5D6FE08}.Debug|Any CPU.Build.0 = Debug|Any CPU
		{41585696-C5A3-4904-8281-DC25D5D6FE08}.Debug|x64.ActiveCfg = Debug|Any CPU
		{41585696-C5A3-4904-8281-DC25D5D6FE08}.Debug|x64.Build.0 = Debug|Any CPU
		{41585696-C5A3-4904-8281-DC25D5D6FE08}.Debug|x86.ActiveCfg = Debug|Any CPU
		{41585696-C5A3-4904-8281-DC25D5D6FE08}.Debug|x86.Build.0 = Debug|Any CPU
		{41585696-C5A3-4904-8281-DC25D5D6FE08}.Release|Any CPU.ActiveCfg = Release|Any CPU
		{41585696-C5A3-4904-8281-DC25D5D6FE08}.Release|Any CPU.Build.0 = Release|Any CPU
		{41585696-C5A3-4904-8281-DC25D5D6FE08}.Release|x64.ActiveCfg = Release|Any CPU
		{41585696-C5A3-4904-8281-DC25D5D6FE08}.Release|x64.Build.0 = Release|Any CPU
		{41585696-C5A3-4904-8281-DC25D5D6FE08}.Release|x86.ActiveCfg = Release|Any CPU
		{41585696-C5A3-4904-8281-DC25D5D6FE08}.Release|x86.Build.0 = Release|Any CPU
		{441BE80D-6822-4FE3-9A34-10F948260BD7}.Debug|Any CPU.ActiveCfg = Debug|Any CPU
		{441BE80D-6822-4FE3-9A34-10F948260BD7}.Debug|Any CPU.Build.0 = Debug|Any CPU
		{441BE80D-6822-4FE3-9A34-10F948260BD7}.Debug|x64.ActiveCfg = Debug|Any CPU
		{441BE80D-6822-4FE3-9A34-10F948260BD7}.Debug|x64.Build.0 = Debug|Any CPU
		{441BE80D-6822-4FE3-9A34-10F948260BD7}.Debug|x86.ActiveCfg = Debug|Any CPU
		{441BE80D-6822-4FE3-9A34-10F948260BD7}.Debug|x86.Build.0 = Debug|Any CPU
		{441BE80D-6822-4FE3-9A34-10F948260BD7}.Release|Any CPU.ActiveCfg = Release|Any CPU
		{441BE80D-6822-4FE3-9A34-10F948260BD7}.Release|Any CPU.Build.0 = Release|Any CPU
		{441BE80D-6822-4FE3-9A34-10F948260BD7}.Release|x64.ActiveCfg = Release|Any CPU
		{441BE80D-6822-4FE3-9A34-10F948260BD7}.Release|x64.Build.0 = Release|Any CPU
		{441BE80D-6822-4FE3-9A34-10F948260BD7}.Release|x86.ActiveCfg = Release|Any CPU
		{441BE80D-6822-4FE3-9A34-10F948260BD7}.Release|x86.Build.0 = Release|Any CPU
		{74F4ACC8-68D2-4A47-ACD3-E98C7E96DB54}.Debug|Any CPU.ActiveCfg = Debug|Any CPU
		{74F4ACC8-68D2-4A47-ACD3-E98C7E96DB54}.Debug|Any CPU.Build.0 = Debug|Any CPU
		{74F4ACC8-68D2-4A47-ACD3-E98C7E96DB54}.Debug|x64.ActiveCfg = Debug|Any CPU
		{74F4ACC8-68D2-4A47-ACD3-E98C7E96DB54}.Debug|x64.Build.0 = Debug|Any CPU
		{74F4ACC8-68D2-4A47-ACD3-E98C7E96DB54}.Debug|x86.ActiveCfg = Debug|Any CPU
		{74F4ACC8-68D2-4A47-ACD3-E98C7E96DB54}.Debug|x86.Build.0 = Debug|Any CPU
		{74F4ACC8-68D2-4A47-ACD3-E98C7E96DB54}.Release|Any CPU.ActiveCfg = Release|Any CPU
		{74F4ACC8-68D2-4A47-ACD3-E98C7E96DB54}.Release|Any CPU.Build.0 = Release|Any CPU
		{74F4ACC8-68D2-4A47-ACD3-E98C7E96DB54}.Release|x64.ActiveCfg = Release|Any CPU
		{74F4ACC8-68D2-4A47-ACD3-E98C7E96DB54}.Release|x64.Build.0 = Release|Any CPU
		{74F4ACC8-68D2-4A47-ACD3-E98C7E96DB54}.Release|x86.ActiveCfg = Release|Any CPU
		{74F4ACC8-68D2-4A47-ACD3-E98C7E96DB54}.Release|x86.Build.0 = Release|Any CPU
		{A30F35B6-867B-4C4D-8987-02A3A06CAAD0}.Debug|Any CPU.ActiveCfg = Debug|Any CPU
		{A30F35B6-867B-4C4D-8987-02A3A06CAAD0}.Debug|Any CPU.Build.0 = Debug|Any CPU
		{A30F35B6-867B-4C4D-8987-02A3A06CAAD0}.Debug|x64.ActiveCfg = Debug|Any CPU
		{A30F35B6-867B-4C4D-8987-02A3A06CAAD0}.Debug|x64.Build.0 = Debug|Any CPU
		{A30F35B6-867B-4C4D-8987-02A3A06CAAD0}.Debug|x86.ActiveCfg = Debug|Any CPU
		{A30F35B6-867B-4C4D-8987-02A3A06CAAD0}.Debug|x86.Build.0 = Debug|Any CPU
		{A30F35B6-867B-4C4D-8987-02A3A06CAAD0}.Release|Any CPU.ActiveCfg = Release|Any CPU
		{A30F35B6-867B-4C4D-8987-02A3A06CAAD0}.Release|Any CPU.Build.0 = Release|Any CPU
		{A30F35B6-867B-4C4D-8987-02A3A06CAAD0}.Release|x64.ActiveCfg = Release|Any CPU
		{A30F35B6-867B-4C4D-8987-02A3A06CAAD0}.Release|x64.Build.0 = Release|Any CPU
		{A30F35B6-867B-4C4D-8987-02A3A06CAAD0}.Release|x86.ActiveCfg = Release|Any CPU
		{A30F35B6-867B-4C4D-8987-02A3A06CAAD0}.Release|x86.Build.0 = Release|Any CPU
		{43F22589-3322-4189-8383-95F1B4E53F86}.Debug|Any CPU.ActiveCfg = Debug|Any CPU
		{43F22589-3322-4189-8383-95F1B4E53F86}.Debug|Any CPU.Build.0 = Debug|Any CPU
		{43F22589-3322-4189-8383-95F1B4E53F86}.Debug|x64.ActiveCfg = Debug|Any CPU
		{43F22589-3322-4189-8383-95F1B4E53F86}.Debug|x64.Build.0 = Debug|Any CPU
		{43F22589-3322-4189-8383-95F1B4E53F86}.Debug|x86.ActiveCfg = Debug|Any CPU
		{43F22589-3322-4189-8383-95F1B4E53F86}.Debug|x86.Build.0 = Debug|Any CPU
		{43F22589-3322-4189-8383-95F1B4E53F86}.Release|Any CPU.ActiveCfg = Release|Any CPU
		{43F22589-3322-4189-8383-95F1B4E53F86}.Release|Any CPU.Build.0 = Release|Any CPU
		{43F22589-3322-4189-8383-95F1B4E53F86}.Release|x64.ActiveCfg = Release|Any CPU
		{43F22589-3322-4189-8383-95F1B4E53F86}.Release|x64.Build.0 = Release|Any CPU
		{43F22589-3322-4189-8383-95F1B4E53F86}.Release|x86.ActiveCfg = Release|Any CPU
		{43F22589-3322-4189-8383-95F1B4E53F86}.Release|x86.Build.0 = Release|Any CPU
		{F126C86D-374E-46B5-9D1C-24CFE82F36E6}.Debug|Any CPU.ActiveCfg = Debug|Any CPU
		{F126C86D-374E-46B5-9D1C-24CFE82F36E6}.Debug|Any CPU.Build.0 = Debug|Any CPU
		{F126C86D-374E-46B5-9D1C-24CFE82F36E6}.Debug|x64.ActiveCfg = Debug|Any CPU
		{F126C86D-374E-46B5-9D1C-24CFE82F36E6}.Debug|x64.Build.0 = Debug|Any CPU
		{F126C86D-374E-46B5-9D1C-24CFE82F36E6}.Debug|x86.ActiveCfg = Debug|Any CPU
		{F126C86D-374E-46B5-9D1C-24CFE82F36E6}.Debug|x86.Build.0 = Debug|Any CPU
		{F126C86D-374E-46B5-9D1C-24CFE82F36E6}.Release|Any CPU.ActiveCfg = Release|Any CPU
		{F126C86D-374E-46B5-9D1C-24CFE82F36E6}.Release|Any CPU.Build.0 = Release|Any CPU
		{F126C86D-374E-46B5-9D1C-24CFE82F36E6}.Release|x64.ActiveCfg = Release|Any CPU
		{F126C86D-374E-46B5-9D1C-24CFE82F36E6}.Release|x64.Build.0 = Release|Any CPU
		{F126C86D-374E-46B5-9D1C-24CFE82F36E6}.Release|x86.ActiveCfg = Release|Any CPU
		{F126C86D-374E-46B5-9D1C-24CFE82F36E6}.Release|x86.Build.0 = Release|Any CPU
		{DD14AE60-DB74-4129-ADDC-F30D819A1513}.Debug|Any CPU.ActiveCfg = Debug|Any CPU
		{DD14AE60-DB74-4129-ADDC-F30D819A1513}.Debug|Any CPU.Build.0 = Debug|Any CPU
		{DD14AE60-DB74-4129-ADDC-F30D819A1513}.Debug|x64.ActiveCfg = Debug|Any CPU
		{DD14AE60-DB74-4129-ADDC-F30D819A1513}.Debug|x64.Build.0 = Debug|Any CPU
		{DD14AE60-DB74-4129-ADDC-F30D819A1513}.Debug|x86.ActiveCfg = Debug|Any CPU
		{DD14AE60-DB74-4129-ADDC-F30D819A1513}.Debug|x86.Build.0 = Debug|Any CPU
		{DD14AE60-DB74-4129-ADDC-F30D819A1513}.Release|Any CPU.ActiveCfg = Release|Any CPU
		{DD14AE60-DB74-4129-ADDC-F30D819A1513}.Release|Any CPU.Build.0 = Release|Any CPU
		{DD14AE60-DB74-4129-ADDC-F30D819A1513}.Release|x64.ActiveCfg = Release|Any CPU
		{DD14AE60-DB74-4129-ADDC-F30D819A1513}.Release|x64.Build.0 = Release|Any CPU
		{DD14AE60-DB74-4129-ADDC-F30D819A1513}.Release|x86.ActiveCfg = Release|Any CPU
		{DD14AE60-DB74-4129-ADDC-F30D819A1513}.Release|x86.Build.0 = Release|Any CPU
		{7C58C11F-F9E5-4186-918D-DED6C22509AD}.Debug|Any CPU.ActiveCfg = Debug|Any CPU
		{7C58C11F-F9E5-4186-918D-DED6C22509AD}.Debug|Any CPU.Build.0 = Debug|Any CPU
		{7C58C11F-F9E5-4186-918D-DED6C22509AD}.Debug|x64.ActiveCfg = Debug|Any CPU
		{7C58C11F-F9E5-4186-918D-DED6C22509AD}.Debug|x64.Build.0 = Debug|Any CPU
		{7C58C11F-F9E5-4186-918D-DED6C22509AD}.Debug|x86.ActiveCfg = Debug|Any CPU
		{7C58C11F-F9E5-4186-918D-DED6C22509AD}.Debug|x86.Build.0 = Debug|Any CPU
		{7C58C11F-F9E5-4186-918D-DED6C22509AD}.Release|Any CPU.ActiveCfg = Release|Any CPU
		{7C58C11F-F9E5-4186-918D-DED6C22509AD}.Release|Any CPU.Build.0 = Release|Any CPU
		{7C58C11F-F9E5-4186-918D-DED6C22509AD}.Release|x64.ActiveCfg = Release|Any CPU
		{7C58C11F-F9E5-4186-918D-DED6C22509AD}.Release|x64.Build.0 = Release|Any CPU
		{7C58C11F-F9E5-4186-918D-DED6C22509AD}.Release|x86.ActiveCfg = Release|Any CPU
		{7C58C11F-F9E5-4186-918D-DED6C22509AD}.Release|x86.Build.0 = Release|Any CPU
		{FD0039C8-F900-40B0-9C34-D5BF9932BA73}.Debug|Any CPU.ActiveCfg = Debug|Any CPU
		{FD0039C8-F900-40B0-9C34-D5BF9932BA73}.Debug|Any CPU.Build.0 = Debug|Any CPU
		{FD0039C8-F900-40B0-9C34-D5BF9932BA73}.Debug|x64.ActiveCfg = Debug|Any CPU
		{FD0039C8-F900-40B0-9C34-D5BF9932BA73}.Debug|x64.Build.0 = Debug|Any CPU
		{FD0039C8-F900-40B0-9C34-D5BF9932BA73}.Debug|x86.ActiveCfg = Debug|Any CPU
		{FD0039C8-F900-40B0-9C34-D5BF9932BA73}.Debug|x86.Build.0 = Debug|Any CPU
		{FD0039C8-F900-40B0-9C34-D5BF9932BA73}.Release|Any CPU.ActiveCfg = Release|Any CPU
		{FD0039C8-F900-40B0-9C34-D5BF9932BA73}.Release|Any CPU.Build.0 = Release|Any CPU
		{FD0039C8-F900-40B0-9C34-D5BF9932BA73}.Release|x64.ActiveCfg = Release|Any CPU
		{FD0039C8-F900-40B0-9C34-D5BF9932BA73}.Release|x64.Build.0 = Release|Any CPU
		{FD0039C8-F900-40B0-9C34-D5BF9932BA73}.Release|x86.ActiveCfg = Release|Any CPU
		{FD0039C8-F900-40B0-9C34-D5BF9932BA73}.Release|x86.Build.0 = Release|Any CPU
		{648DAA87-F22C-447C-A010-169D58311CA6}.Debug|Any CPU.ActiveCfg = Debug|Any CPU
		{648DAA87-F22C-447C-A010-169D58311CA6}.Debug|Any CPU.Build.0 = Debug|Any CPU
		{648DAA87-F22C-447C-A010-169D58311CA6}.Debug|x64.ActiveCfg = Debug|Any CPU
		{648DAA87-F22C-447C-A010-169D58311CA6}.Debug|x64.Build.0 = Debug|Any CPU
		{648DAA87-F22C-447C-A010-169D58311CA6}.Debug|x86.ActiveCfg = Debug|Any CPU
		{648DAA87-F22C-447C-A010-169D58311CA6}.Debug|x86.Build.0 = Debug|Any CPU
		{648DAA87-F22C-447C-A010-169D58311CA6}.Release|Any CPU.ActiveCfg = Release|Any CPU
		{648DAA87-F22C-447C-A010-169D58311CA6}.Release|Any CPU.Build.0 = Release|Any CPU
		{648DAA87-F22C-447C-A010-169D58311CA6}.Release|x64.ActiveCfg = Release|Any CPU
		{648DAA87-F22C-447C-A010-169D58311CA6}.Release|x64.Build.0 = Release|Any CPU
		{648DAA87-F22C-447C-A010-169D58311CA6}.Release|x86.ActiveCfg = Release|Any CPU
		{648DAA87-F22C-447C-A010-169D58311CA6}.Release|x86.Build.0 = Release|Any CPU
		{4FB8B156-FC5B-412E-A3C7-CFDEE4E11A59}.Debug|Any CPU.ActiveCfg = Debug|Any CPU
		{4FB8B156-FC5B-412E-A3C7-CFDEE4E11A59}.Debug|Any CPU.Build.0 = Debug|Any CPU
		{4FB8B156-FC5B-412E-A3C7-CFDEE4E11A59}.Debug|x64.ActiveCfg = Debug|Any CPU
		{4FB8B156-FC5B-412E-A3C7-CFDEE4E11A59}.Debug|x64.Build.0 = Debug|Any CPU
		{4FB8B156-FC5B-412E-A3C7-CFDEE4E11A59}.Debug|x86.ActiveCfg = Debug|Any CPU
		{4FB8B156-FC5B-412E-A3C7-CFDEE4E11A59}.Debug|x86.Build.0 = Debug|Any CPU
		{4FB8B156-FC5B-412E-A3C7-CFDEE4E11A59}.Release|Any CPU.ActiveCfg = Release|Any CPU
		{4FB8B156-FC5B-412E-A3C7-CFDEE4E11A59}.Release|Any CPU.Build.0 = Release|Any CPU
		{4FB8B156-FC5B-412E-A3C7-CFDEE4E11A59}.Release|x64.ActiveCfg = Release|Any CPU
		{4FB8B156-FC5B-412E-A3C7-CFDEE4E11A59}.Release|x64.Build.0 = Release|Any CPU
		{4FB8B156-FC5B-412E-A3C7-CFDEE4E11A59}.Release|x86.ActiveCfg = Release|Any CPU
		{4FB8B156-FC5B-412E-A3C7-CFDEE4E11A59}.Release|x86.Build.0 = Release|Any CPU
		{AA659982-4496-4D6B-AD77-7EB8D4660201}.Debug|Any CPU.ActiveCfg = Debug|Any CPU
		{AA659982-4496-4D6B-AD77-7EB8D4660201}.Debug|Any CPU.Build.0 = Debug|Any CPU
		{AA659982-4496-4D6B-AD77-7EB8D4660201}.Debug|x64.ActiveCfg = Debug|Any CPU
		{AA659982-4496-4D6B-AD77-7EB8D4660201}.Debug|x64.Build.0 = Debug|Any CPU
		{AA659982-4496-4D6B-AD77-7EB8D4660201}.Debug|x86.ActiveCfg = Debug|Any CPU
		{AA659982-4496-4D6B-AD77-7EB8D4660201}.Debug|x86.Build.0 = Debug|Any CPU
		{AA659982-4496-4D6B-AD77-7EB8D4660201}.Release|Any CPU.ActiveCfg = Release|Any CPU
		{AA659982-4496-4D6B-AD77-7EB8D4660201}.Release|Any CPU.Build.0 = Release|Any CPU
		{AA659982-4496-4D6B-AD77-7EB8D4660201}.Release|x64.ActiveCfg = Release|Any CPU
		{AA659982-4496-4D6B-AD77-7EB8D4660201}.Release|x64.Build.0 = Release|Any CPU
		{AA659982-4496-4D6B-AD77-7EB8D4660201}.Release|x86.ActiveCfg = Release|Any CPU
		{AA659982-4496-4D6B-AD77-7EB8D4660201}.Release|x86.Build.0 = Release|Any CPU
		{480240DB-5F7C-435C-9F67-40A4AB464354}.Debug|Any CPU.ActiveCfg = Debug|Any CPU
		{480240DB-5F7C-435C-9F67-40A4AB464354}.Debug|Any CPU.Build.0 = Debug|Any CPU
		{480240DB-5F7C-435C-9F67-40A4AB464354}.Debug|x64.ActiveCfg = Debug|Any CPU
		{480240DB-5F7C-435C-9F67-40A4AB464354}.Debug|x64.Build.0 = Debug|Any CPU
		{480240DB-5F7C-435C-9F67-40A4AB464354}.Debug|x86.ActiveCfg = Debug|Any CPU
		{480240DB-5F7C-435C-9F67-40A4AB464354}.Debug|x86.Build.0 = Debug|Any CPU
		{480240DB-5F7C-435C-9F67-40A4AB464354}.Release|Any CPU.ActiveCfg = Release|Any CPU
		{480240DB-5F7C-435C-9F67-40A4AB464354}.Release|Any CPU.Build.0 = Release|Any CPU
		{480240DB-5F7C-435C-9F67-40A4AB464354}.Release|x64.ActiveCfg = Release|Any CPU
		{480240DB-5F7C-435C-9F67-40A4AB464354}.Release|x64.Build.0 = Release|Any CPU
		{480240DB-5F7C-435C-9F67-40A4AB464354}.Release|x86.ActiveCfg = Release|Any CPU
		{480240DB-5F7C-435C-9F67-40A4AB464354}.Release|x86.Build.0 = Release|Any CPU
		{0811AB0F-AE2C-4DE3-96A8-2DFEC9E2D51E}.Debug|Any CPU.ActiveCfg = Debug|Any CPU
		{0811AB0F-AE2C-4DE3-96A8-2DFEC9E2D51E}.Debug|Any CPU.Build.0 = Debug|Any CPU
		{0811AB0F-AE2C-4DE3-96A8-2DFEC9E2D51E}.Debug|x64.ActiveCfg = Debug|Any CPU
		{0811AB0F-AE2C-4DE3-96A8-2DFEC9E2D51E}.Debug|x64.Build.0 = Debug|Any CPU
		{0811AB0F-AE2C-4DE3-96A8-2DFEC9E2D51E}.Debug|x86.ActiveCfg = Debug|Any CPU
		{0811AB0F-AE2C-4DE3-96A8-2DFEC9E2D51E}.Debug|x86.Build.0 = Debug|Any CPU
		{0811AB0F-AE2C-4DE3-96A8-2DFEC9E2D51E}.Release|Any CPU.ActiveCfg = Release|Any CPU
		{0811AB0F-AE2C-4DE3-96A8-2DFEC9E2D51E}.Release|Any CPU.Build.0 = Release|Any CPU
		{0811AB0F-AE2C-4DE3-96A8-2DFEC9E2D51E}.Release|x64.ActiveCfg = Release|Any CPU
		{0811AB0F-AE2C-4DE3-96A8-2DFEC9E2D51E}.Release|x64.Build.0 = Release|Any CPU
		{0811AB0F-AE2C-4DE3-96A8-2DFEC9E2D51E}.Release|x86.ActiveCfg = Release|Any CPU
		{0811AB0F-AE2C-4DE3-96A8-2DFEC9E2D51E}.Release|x86.Build.0 = Release|Any CPU
		{4DAC8EE6-7AD1-407B-82F8-849248794C12}.Debug|Any CPU.ActiveCfg = Debug|Any CPU
		{4DAC8EE6-7AD1-407B-82F8-849248794C12}.Debug|Any CPU.Build.0 = Debug|Any CPU
		{4DAC8EE6-7AD1-407B-82F8-849248794C12}.Debug|x64.ActiveCfg = Debug|Any CPU
		{4DAC8EE6-7AD1-407B-82F8-849248794C12}.Debug|x64.Build.0 = Debug|Any CPU
		{4DAC8EE6-7AD1-407B-82F8-849248794C12}.Debug|x86.ActiveCfg = Debug|Any CPU
		{4DAC8EE6-7AD1-407B-82F8-849248794C12}.Debug|x86.Build.0 = Debug|Any CPU
		{4DAC8EE6-7AD1-407B-82F8-849248794C12}.Release|Any CPU.ActiveCfg = Release|Any CPU
		{4DAC8EE6-7AD1-407B-82F8-849248794C12}.Release|Any CPU.Build.0 = Release|Any CPU
		{4DAC8EE6-7AD1-407B-82F8-849248794C12}.Release|x64.ActiveCfg = Release|Any CPU
		{4DAC8EE6-7AD1-407B-82F8-849248794C12}.Release|x64.Build.0 = Release|Any CPU
		{4DAC8EE6-7AD1-407B-82F8-849248794C12}.Release|x86.ActiveCfg = Release|Any CPU
		{4DAC8EE6-7AD1-407B-82F8-849248794C12}.Release|x86.Build.0 = Release|Any CPU
		{A752D350-71FC-46B1-A994-F24E2931E82F}.Debug|Any CPU.ActiveCfg = Debug|Any CPU
		{A752D350-71FC-46B1-A994-F24E2931E82F}.Debug|Any CPU.Build.0 = Debug|Any CPU
		{A752D350-71FC-46B1-A994-F24E2931E82F}.Debug|x64.ActiveCfg = Debug|Any CPU
		{A752D350-71FC-46B1-A994-F24E2931E82F}.Debug|x64.Build.0 = Debug|Any CPU
		{A752D350-71FC-46B1-A994-F24E2931E82F}.Debug|x86.ActiveCfg = Debug|Any CPU
		{A752D350-71FC-46B1-A994-F24E2931E82F}.Debug|x86.Build.0 = Debug|Any CPU
		{A752D350-71FC-46B1-A994-F24E2931E82F}.Release|Any CPU.ActiveCfg = Release|Any CPU
		{A752D350-71FC-46B1-A994-F24E2931E82F}.Release|Any CPU.Build.0 = Release|Any CPU
		{A752D350-71FC-46B1-A994-F24E2931E82F}.Release|x64.ActiveCfg = Release|Any CPU
		{A752D350-71FC-46B1-A994-F24E2931E82F}.Release|x64.Build.0 = Release|Any CPU
		{A752D350-71FC-46B1-A994-F24E2931E82F}.Release|x86.ActiveCfg = Release|Any CPU
		{A752D350-71FC-46B1-A994-F24E2931E82F}.Release|x86.Build.0 = Release|Any CPU
		{113C74E3-4287-48AC-87D6-87EC46D99DAB}.Debug|Any CPU.ActiveCfg = Debug|Any CPU
		{113C74E3-4287-48AC-87D6-87EC46D99DAB}.Debug|Any CPU.Build.0 = Debug|Any CPU
		{113C74E3-4287-48AC-87D6-87EC46D99DAB}.Debug|x64.ActiveCfg = Debug|Any CPU
		{113C74E3-4287-48AC-87D6-87EC46D99DAB}.Debug|x64.Build.0 = Debug|Any CPU
		{113C74E3-4287-48AC-87D6-87EC46D99DAB}.Debug|x86.ActiveCfg = Debug|Any CPU
		{113C74E3-4287-48AC-87D6-87EC46D99DAB}.Debug|x86.Build.0 = Debug|Any CPU
		{113C74E3-4287-48AC-87D6-87EC46D99DAB}.Release|Any CPU.ActiveCfg = Release|Any CPU
		{113C74E3-4287-48AC-87D6-87EC46D99DAB}.Release|Any CPU.Build.0 = Release|Any CPU
		{113C74E3-4287-48AC-87D6-87EC46D99DAB}.Release|x64.ActiveCfg = Release|Any CPU
		{113C74E3-4287-48AC-87D6-87EC46D99DAB}.Release|x64.Build.0 = Release|Any CPU
		{113C74E3-4287-48AC-87D6-87EC46D99DAB}.Release|x86.ActiveCfg = Release|Any CPU
		{113C74E3-4287-48AC-87D6-87EC46D99DAB}.Release|x86.Build.0 = Release|Any CPU
		{E341CAF9-F8EA-4841-AD34-031B44320F2B}.Debug|Any CPU.ActiveCfg = Debug|Any CPU
		{E341CAF9-F8EA-4841-AD34-031B44320F2B}.Debug|Any CPU.Build.0 = Debug|Any CPU
		{E341CAF9-F8EA-4841-AD34-031B44320F2B}.Debug|x64.ActiveCfg = Debug|Any CPU
		{E341CAF9-F8EA-4841-AD34-031B44320F2B}.Debug|x64.Build.0 = Debug|Any CPU
		{E341CAF9-F8EA-4841-AD34-031B44320F2B}.Debug|x86.ActiveCfg = Debug|Any CPU
		{E341CAF9-F8EA-4841-AD34-031B44320F2B}.Debug|x86.Build.0 = Debug|Any CPU
		{E341CAF9-F8EA-4841-AD34-031B44320F2B}.Release|Any CPU.ActiveCfg = Release|Any CPU
		{E341CAF9-F8EA-4841-AD34-031B44320F2B}.Release|Any CPU.Build.0 = Release|Any CPU
		{E341CAF9-F8EA-4841-AD34-031B44320F2B}.Release|x64.ActiveCfg = Release|Any CPU
		{E341CAF9-F8EA-4841-AD34-031B44320F2B}.Release|x64.Build.0 = Release|Any CPU
		{E341CAF9-F8EA-4841-AD34-031B44320F2B}.Release|x86.ActiveCfg = Release|Any CPU
		{E341CAF9-F8EA-4841-AD34-031B44320F2B}.Release|x86.Build.0 = Release|Any CPU
		{21677C7E-1260-46CE-86C5-4A86910C22D1}.Debug|Any CPU.ActiveCfg = Debug|Any CPU
		{21677C7E-1260-46CE-86C5-4A86910C22D1}.Debug|Any CPU.Build.0 = Debug|Any CPU
		{21677C7E-1260-46CE-86C5-4A86910C22D1}.Debug|x64.ActiveCfg = Debug|Any CPU
		{21677C7E-1260-46CE-86C5-4A86910C22D1}.Debug|x64.Build.0 = Debug|Any CPU
		{21677C7E-1260-46CE-86C5-4A86910C22D1}.Debug|x86.ActiveCfg = Debug|Any CPU
		{21677C7E-1260-46CE-86C5-4A86910C22D1}.Debug|x86.Build.0 = Debug|Any CPU
		{21677C7E-1260-46CE-86C5-4A86910C22D1}.Release|Any CPU.ActiveCfg = Release|Any CPU
		{21677C7E-1260-46CE-86C5-4A86910C22D1}.Release|Any CPU.Build.0 = Release|Any CPU
		{21677C7E-1260-46CE-86C5-4A86910C22D1}.Release|x64.ActiveCfg = Release|Any CPU
		{21677C7E-1260-46CE-86C5-4A86910C22D1}.Release|x64.Build.0 = Release|Any CPU
		{21677C7E-1260-46CE-86C5-4A86910C22D1}.Release|x86.ActiveCfg = Release|Any CPU
		{21677C7E-1260-46CE-86C5-4A86910C22D1}.Release|x86.Build.0 = Release|Any CPU
		{8CFF2BAB-F49C-4505-9E51-341E9F64B2AC}.Debug|Any CPU.ActiveCfg = Debug|Any CPU
		{8CFF2BAB-F49C-4505-9E51-341E9F64B2AC}.Debug|Any CPU.Build.0 = Debug|Any CPU
		{8CFF2BAB-F49C-4505-9E51-341E9F64B2AC}.Debug|x64.ActiveCfg = Debug|Any CPU
		{8CFF2BAB-F49C-4505-9E51-341E9F64B2AC}.Debug|x64.Build.0 = Debug|Any CPU
		{8CFF2BAB-F49C-4505-9E51-341E9F64B2AC}.Debug|x86.ActiveCfg = Debug|Any CPU
		{8CFF2BAB-F49C-4505-9E51-341E9F64B2AC}.Debug|x86.Build.0 = Debug|Any CPU
		{8CFF2BAB-F49C-4505-9E51-341E9F64B2AC}.Release|Any CPU.ActiveCfg = Release|Any CPU
		{8CFF2BAB-F49C-4505-9E51-341E9F64B2AC}.Release|Any CPU.Build.0 = Release|Any CPU
		{8CFF2BAB-F49C-4505-9E51-341E9F64B2AC}.Release|x64.ActiveCfg = Release|Any CPU
		{8CFF2BAB-F49C-4505-9E51-341E9F64B2AC}.Release|x64.Build.0 = Release|Any CPU
		{8CFF2BAB-F49C-4505-9E51-341E9F64B2AC}.Release|x86.ActiveCfg = Release|Any CPU
		{8CFF2BAB-F49C-4505-9E51-341E9F64B2AC}.Release|x86.Build.0 = Release|Any CPU
	EndGlobalSection
	GlobalSection(SolutionProperties) = preSolution
		HideSolutionNode = FALSE
	EndGlobalSection
	GlobalSection(NestedProjects) = preSolution
		{D157BEDF-D74F-4968-98D4-0C051A5DDBD6} = {17E882F3-0C8F-4755-99A8-906C6F7EEDDE}
		{C3BE4312-AD10-4AC0-8EDC-CE3EE010F574} = {D5F6DDB9-1C29-4C77-9719-9ECF2E0B3F10}
		{7965E69C-CAAB-48D1-9E36-79D95B99749C} = {7AE456D3-DB8C-48CE-8949-C193CC6C41D2}
		{D441B877-C4AA-45C7-971B-707C0C83206B} = {C64F6101-F255-4C6B-B42F-8881E9063B84}
		{55E8D497-5750-45C9-8EDD-CD9F736312E0} = {9C8D6B81-5749-45AF-B03C-819B5F1D8B40}
		{DF26EF52-C9E8-4B51-A072-01A362A701EF} = {6EBC1011-F282-4EA4-8DBA-85A9C0C62502}
		{63A9AF5D-062A-4A05-A58E-526DB60D096E} = {C64F6101-F255-4C6B-B42F-8881E9063B84}
		{6DDB15B2-4769-4F03-A6D7-CCB3D4F4920D} = {640ED8C1-1F90-4FEB-8F1C-5B94F0946393}
		{CEBE593F-EE77-4ECA-B745-B5F186DEDF55} = {17E882F3-0C8F-4755-99A8-906C6F7EEDDE}
		{1EA4C92D-7150-40A7-A800-261BBC88F30B} = {D5F6DDB9-1C29-4C77-9719-9ECF2E0B3F10}
		{440C75C6-C248-4DBC-BAAB-2C409AB2B548} = {6EBC1011-F282-4EA4-8DBA-85A9C0C62502}
		{D49C46CB-3822-4163-8A6B-9D6152356A46} = {6EBC1011-F282-4EA4-8DBA-85A9C0C62502}
		{45ED3B3A-C876-4507-BE6D-7991BE6B6C02} = {6EBC1011-F282-4EA4-8DBA-85A9C0C62502}
		{B1F23A4C-DEC9-463C-8CEC-8D18D1B029D7} = {640ED8C1-1F90-4FEB-8F1C-5B94F0946393}
		{F6B2D6A1-44E6-4504-B0DD-65CD00D7C320} = {7AE456D3-DB8C-48CE-8949-C193CC6C41D2}
		{0A376722-780F-4DBE-864F-BBEE83691065} = {7AE456D3-DB8C-48CE-8949-C193CC6C41D2}
		{7CCFD1BE-AE22-4308-A4B5-DE242D20C95F} = {C64F6101-F255-4C6B-B42F-8881E9063B84}
		{41585696-C5A3-4904-8281-DC25D5D6FE08} = {C64F6101-F255-4C6B-B42F-8881E9063B84}
		{441BE80D-6822-4FE3-9A34-10F948260BD7} = {C64F6101-F255-4C6B-B42F-8881E9063B84}
		{74F4ACC8-68D2-4A47-ACD3-E98C7E96DB54} = {C64F6101-F255-4C6B-B42F-8881E9063B84}
		{A30F35B6-867B-4C4D-8987-02A3A06CAAD0} = {17E882F3-0C8F-4755-99A8-906C6F7EEDDE}
		{43F22589-3322-4189-8383-95F1B4E53F86} = {17E882F3-0C8F-4755-99A8-906C6F7EEDDE}
		{F126C86D-374E-46B5-9D1C-24CFE82F36E6} = {17E882F3-0C8F-4755-99A8-906C6F7EEDDE}
		{DD14AE60-DB74-4129-ADDC-F30D819A1513} = {17E882F3-0C8F-4755-99A8-906C6F7EEDDE}
		{7C58C11F-F9E5-4186-918D-DED6C22509AD} = {17E882F3-0C8F-4755-99A8-906C6F7EEDDE}
		{FD0039C8-F900-40B0-9C34-D5BF9932BA73} = {17E882F3-0C8F-4755-99A8-906C6F7EEDDE}
		{648DAA87-F22C-447C-A010-169D58311CA6} = {17E882F3-0C8F-4755-99A8-906C6F7EEDDE}
		{4FB8B156-FC5B-412E-A3C7-CFDEE4E11A59} = {17E882F3-0C8F-4755-99A8-906C6F7EEDDE}
		{AA659982-4496-4D6B-AD77-7EB8D4660201} = {17E882F3-0C8F-4755-99A8-906C6F7EEDDE}
		{480240DB-5F7C-435C-9F67-40A4AB464354} = {17E882F3-0C8F-4755-99A8-906C6F7EEDDE}
		{0811AB0F-AE2C-4DE3-96A8-2DFEC9E2D51E} = {17E882F3-0C8F-4755-99A8-906C6F7EEDDE}
		{4DAC8EE6-7AD1-407B-82F8-849248794C12} = {17E882F3-0C8F-4755-99A8-906C6F7EEDDE}
		{2B4E54AC-7DEF-1549-9779-3DE57D644187} = {827E0CD3-B72D-47B6-A68D-7590B98EB39B}
		{A752D350-71FC-46B1-A994-F24E2931E82F} = {2B4E54AC-7DEF-1549-9779-3DE57D644187}
		{113C74E3-4287-48AC-87D6-87EC46D99DAB} = {6EBC1011-F282-4EA4-8DBA-85A9C0C62502}
		{E341CAF9-F8EA-4841-AD34-031B44320F2B} = {6EBC1011-F282-4EA4-8DBA-85A9C0C62502}
		{21677C7E-1260-46CE-86C5-4A86910C22D1} = {256B10D8-9750-19E1-EA32-E4E41688B39B}
		{8CFF2BAB-F49C-4505-9E51-341E9F64B2AC} = {256B10D8-9750-19E1-EA32-E4E41688B39B}
	EndGlobalSection
	GlobalSection(ExtensibilityGlobals) = postSolution
		SolutionGuid = {7029C916-1051-464B-AFBA-2988B09103C9}
	EndGlobalSection
EndGlobal
